
Microsoft Visual Studio Solution File, Format Version 12.00
# Visual Studio 2013
VisualStudioVersion = 12.0.31101.0
MinimumVisualStudioVersion = 10.0.40219.1
Project("{2150E333-8FDC-42A3-9474-1A3956D46DE8}") = "App", "App", "{C7A060F0-6AEC-4785-A433-34F152122CAD}"
EndProject
Project("{2150E333-8FDC-42A3-9474-1A3956D46DE8}") = "Server", "Server", "{2DE8C8E7-CE29-4610-8538-2607BEC3965C}"
EndProject
Project("{FAE04EC0-301F-11D3-BF4B-00C04F79EFBC}") = "OpenPlaylistServer", "OpenPlaylistServer\OpenPlaylistServer\OpenPlaylistServer.csproj", "{2F5748F5-AE2A-4680-889C-1F6E1EC0B846}"
EndProject
Project("{FAE04EC0-301F-11D3-BF4B-00C04F79EFBC}") = "SpotifyDotNet", "OpenPlaylistServer\SpotifyDotNet\SpotifyDotNet.csproj", "{0D5C88B0-DA42-43F0-9E81-B544F44E26D6}"
EndProject
Project("{FAE04EC0-301F-11D3-BF4B-00C04F79EFBC}") = "TestSuite", "OpenPlaylistServer\TestSuite\TestSuite.csproj", "{B8FD539C-23E2-4E8B-ABC9-6A12CE7C9F6B}"
EndProject
Project("{D954291E-2A0B-460D-934E-DC6B0785DB48}") = "OpenPlaylistApp", "OpenPlaylistApp\OpenPlaylistApp\OpenPlaylistApp.shproj", "{82CE35F5-3823-4A9D-87F7-CF7DF02C1162}"
EndProject
Project("{FAE04EC0-301F-11D3-BF4B-00C04F79EFBC}") = "OpenPlaylistApp.WinPhone", "OpenPlaylistApp\OpenPlaylistApp.WinPhone\OpenPlaylistApp.WinPhone.csproj", "{1CDFF78B-69EE-4780-AC6C-3CB8ADF0FEE4}"
EndProject
Project("{FAE04EC0-301F-11D3-BF4B-00C04F79EFBC}") = "OpenPlaylistApp.iOS", "OpenPlaylistApp\OpenPlaylistApp.iOS\OpenPlaylistApp.iOS.csproj", "{717F4393-392E-4495-BC78-4ED931500CC0}"
EndProject
Project("{FAE04EC0-301F-11D3-BF4B-00C04F79EFBC}") = "OpenPlaylistApp.Android", "OpenPlaylistApp\OpenPlaylistApp.Android\OpenPlaylistApp.Android.csproj", "{07D8820F-BBB2-4641-BFC3-4F039E843EBF}"
EndProject
Project("{FAE04EC0-301F-11D3-BF4B-00C04F79EFBC}") = "WebAPI", "WebAPIPortable\WebAPI.csproj", "{BAF7DFF4-51C5-49DE-9C9F-43889D7E216D}"
EndProject
Project("{FAE04EC0-301F-11D3-BF4B-00C04F79EFBC}") = "Presentation", "Presentation\Presentation.csproj", "{E0DF1548-9374-479E-8E47-0DEAFD50F959}"
EndProject
Global
	GlobalSection(SharedMSBuildProjectFiles) = preSolution
		OpenPlaylistApp\OpenPlaylistApp\OpenPlaylistApp.projitems*{07d8820f-bbb2-4641-bfc3-4f039e843ebf}*SharedItemsImports = 4
		OpenPlaylistApp\OpenPlaylistApp\OpenPlaylistApp.projitems*{717f4393-392e-4495-bc78-4ed931500cc0}*SharedItemsImports = 4
		OpenPlaylistApp\OpenPlaylistApp\OpenPlaylistApp.projitems*{1cdff78b-69ee-4780-ac6c-3cb8adf0fee4}*SharedItemsImports = 4
		OpenPlaylistApp\OpenPlaylistApp\OpenPlaylistApp.projitems*{82ce35f5-3823-4a9d-87f7-cf7df02c1162}*SharedItemsImports = 13
	EndGlobalSection
	GlobalSection(SolutionConfigurationPlatforms) = preSolution
		Ad-Hoc|Any CPU = Ad-Hoc|Any CPU
		Ad-Hoc|ARM = Ad-Hoc|ARM
		Ad-Hoc|iPhone = Ad-Hoc|iPhone
		Ad-Hoc|iPhoneSimulator = Ad-Hoc|iPhoneSimulator
		Ad-Hoc|Mixed Platforms = Ad-Hoc|Mixed Platforms
		Ad-Hoc|x64 = Ad-Hoc|x64
		Ad-Hoc|x86 = Ad-Hoc|x86
		AppStore|Any CPU = AppStore|Any CPU
		AppStore|ARM = AppStore|ARM
		AppStore|iPhone = AppStore|iPhone
		AppStore|iPhoneSimulator = AppStore|iPhoneSimulator
		AppStore|Mixed Platforms = AppStore|Mixed Platforms
		AppStore|x64 = AppStore|x64
		AppStore|x86 = AppStore|x86
		Debug|Any CPU = Debug|Any CPU
		Debug|ARM = Debug|ARM
		Debug|iPhone = Debug|iPhone
		Debug|iPhoneSimulator = Debug|iPhoneSimulator
		Debug|Mixed Platforms = Debug|Mixed Platforms
		Debug|x64 = Debug|x64
		Debug|x86 = Debug|x86
		Release|Any CPU = Release|Any CPU
		Release|ARM = Release|ARM
		Release|iPhone = Release|iPhone
		Release|iPhoneSimulator = Release|iPhoneSimulator
		Release|Mixed Platforms = Release|Mixed Platforms
		Release|x64 = Release|x64
		Release|x86 = Release|x86
	EndGlobalSection
	GlobalSection(ProjectConfigurationPlatforms) = postSolution
		{2F5748F5-AE2A-4680-889C-1F6E1EC0B846}.Ad-Hoc|Any CPU.ActiveCfg = Release|Any CPU
		{2F5748F5-AE2A-4680-889C-1F6E1EC0B846}.Ad-Hoc|Any CPU.Build.0 = Release|Any CPU
		{2F5748F5-AE2A-4680-889C-1F6E1EC0B846}.Ad-Hoc|ARM.ActiveCfg = Release|Any CPU
		{2F5748F5-AE2A-4680-889C-1F6E1EC0B846}.Ad-Hoc|iPhone.ActiveCfg = Release|Any CPU
		{2F5748F5-AE2A-4680-889C-1F6E1EC0B846}.Ad-Hoc|iPhoneSimulator.ActiveCfg = Release|Any CPU
		{2F5748F5-AE2A-4680-889C-1F6E1EC0B846}.Ad-Hoc|Mixed Platforms.ActiveCfg = Release|Any CPU
		{2F5748F5-AE2A-4680-889C-1F6E1EC0B846}.Ad-Hoc|Mixed Platforms.Build.0 = Release|Any CPU
		{2F5748F5-AE2A-4680-889C-1F6E1EC0B846}.Ad-Hoc|x64.ActiveCfg = Release|Any CPU
		{2F5748F5-AE2A-4680-889C-1F6E1EC0B846}.Ad-Hoc|x86.ActiveCfg = Release|Any CPU
		{2F5748F5-AE2A-4680-889C-1F6E1EC0B846}.AppStore|Any CPU.ActiveCfg = Release|Any CPU
		{2F5748F5-AE2A-4680-889C-1F6E1EC0B846}.AppStore|Any CPU.Build.0 = Release|Any CPU
		{2F5748F5-AE2A-4680-889C-1F6E1EC0B846}.AppStore|ARM.ActiveCfg = Release|Any CPU
		{2F5748F5-AE2A-4680-889C-1F6E1EC0B846}.AppStore|iPhone.ActiveCfg = Release|Any CPU
		{2F5748F5-AE2A-4680-889C-1F6E1EC0B846}.AppStore|iPhoneSimulator.ActiveCfg = Release|Any CPU
		{2F5748F5-AE2A-4680-889C-1F6E1EC0B846}.AppStore|Mixed Platforms.ActiveCfg = Release|Any CPU
		{2F5748F5-AE2A-4680-889C-1F6E1EC0B846}.AppStore|Mixed Platforms.Build.0 = Release|Any CPU
		{2F5748F5-AE2A-4680-889C-1F6E1EC0B846}.AppStore|x64.ActiveCfg = Release|Any CPU
		{2F5748F5-AE2A-4680-889C-1F6E1EC0B846}.AppStore|x86.ActiveCfg = Release|Any CPU
		{2F5748F5-AE2A-4680-889C-1F6E1EC0B846}.Debug|Any CPU.ActiveCfg = Debug|Any CPU
		{2F5748F5-AE2A-4680-889C-1F6E1EC0B846}.Debug|Any CPU.Build.0 = Debug|Any CPU
		{2F5748F5-AE2A-4680-889C-1F6E1EC0B846}.Debug|ARM.ActiveCfg = Debug|Any CPU
		{2F5748F5-AE2A-4680-889C-1F6E1EC0B846}.Debug|iPhone.ActiveCfg = Debug|Any CPU
		{2F5748F5-AE2A-4680-889C-1F6E1EC0B846}.Debug|iPhoneSimulator.ActiveCfg = Debug|Any CPU
		{2F5748F5-AE2A-4680-889C-1F6E1EC0B846}.Debug|Mixed Platforms.ActiveCfg = Debug|Any CPU
		{2F5748F5-AE2A-4680-889C-1F6E1EC0B846}.Debug|Mixed Platforms.Build.0 = Debug|Any CPU
		{2F5748F5-AE2A-4680-889C-1F6E1EC0B846}.Debug|x64.ActiveCfg = Debug|Any CPU
		{2F5748F5-AE2A-4680-889C-1F6E1EC0B846}.Debug|x86.ActiveCfg = Debug|Any CPU
		{2F5748F5-AE2A-4680-889C-1F6E1EC0B846}.Release|Any CPU.ActiveCfg = Release|Any CPU
		{2F5748F5-AE2A-4680-889C-1F6E1EC0B846}.Release|Any CPU.Build.0 = Release|Any CPU
		{2F5748F5-AE2A-4680-889C-1F6E1EC0B846}.Release|ARM.ActiveCfg = Release|Any CPU
		{2F5748F5-AE2A-4680-889C-1F6E1EC0B846}.Release|iPhone.ActiveCfg = Release|Any CPU
		{2F5748F5-AE2A-4680-889C-1F6E1EC0B846}.Release|iPhoneSimulator.ActiveCfg = Release|Any CPU
		{2F5748F5-AE2A-4680-889C-1F6E1EC0B846}.Release|Mixed Platforms.ActiveCfg = Release|Any CPU
		{2F5748F5-AE2A-4680-889C-1F6E1EC0B846}.Release|Mixed Platforms.Build.0 = Release|Any CPU
		{2F5748F5-AE2A-4680-889C-1F6E1EC0B846}.Release|x64.ActiveCfg = Release|Any CPU
		{2F5748F5-AE2A-4680-889C-1F6E1EC0B846}.Release|x86.ActiveCfg = Release|Any CPU
		{0D5C88B0-DA42-43F0-9E81-B544F44E26D6}.Ad-Hoc|Any CPU.ActiveCfg = Release|Any CPU
		{0D5C88B0-DA42-43F0-9E81-B544F44E26D6}.Ad-Hoc|Any CPU.Build.0 = Release|Any CPU
		{0D5C88B0-DA42-43F0-9E81-B544F44E26D6}.Ad-Hoc|ARM.ActiveCfg = Release|Any CPU
		{0D5C88B0-DA42-43F0-9E81-B544F44E26D6}.Ad-Hoc|iPhone.ActiveCfg = Release|Any CPU
		{0D5C88B0-DA42-43F0-9E81-B544F44E26D6}.Ad-Hoc|iPhoneSimulator.ActiveCfg = Release|Any CPU
		{0D5C88B0-DA42-43F0-9E81-B544F44E26D6}.Ad-Hoc|Mixed Platforms.ActiveCfg = Release|Any CPU
		{0D5C88B0-DA42-43F0-9E81-B544F44E26D6}.Ad-Hoc|Mixed Platforms.Build.0 = Release|Any CPU
		{0D5C88B0-DA42-43F0-9E81-B544F44E26D6}.Ad-Hoc|x64.ActiveCfg = Release|Any CPU
		{0D5C88B0-DA42-43F0-9E81-B544F44E26D6}.Ad-Hoc|x86.ActiveCfg = Release|Any CPU
		{0D5C88B0-DA42-43F0-9E81-B544F44E26D6}.AppStore|Any CPU.ActiveCfg = Release|Any CPU
		{0D5C88B0-DA42-43F0-9E81-B544F44E26D6}.AppStore|Any CPU.Build.0 = Release|Any CPU
		{0D5C88B0-DA42-43F0-9E81-B544F44E26D6}.AppStore|ARM.ActiveCfg = Release|Any CPU
		{0D5C88B0-DA42-43F0-9E81-B544F44E26D6}.AppStore|iPhone.ActiveCfg = Release|Any CPU
		{0D5C88B0-DA42-43F0-9E81-B544F44E26D6}.AppStore|iPhoneSimulator.ActiveCfg = Release|Any CPU
		{0D5C88B0-DA42-43F0-9E81-B544F44E26D6}.AppStore|Mixed Platforms.ActiveCfg = Release|Any CPU
		{0D5C88B0-DA42-43F0-9E81-B544F44E26D6}.AppStore|Mixed Platforms.Build.0 = Release|Any CPU
		{0D5C88B0-DA42-43F0-9E81-B544F44E26D6}.AppStore|x64.ActiveCfg = Release|Any CPU
		{0D5C88B0-DA42-43F0-9E81-B544F44E26D6}.AppStore|x86.ActiveCfg = Release|Any CPU
		{0D5C88B0-DA42-43F0-9E81-B544F44E26D6}.Debug|Any CPU.ActiveCfg = Debug|Any CPU
		{0D5C88B0-DA42-43F0-9E81-B544F44E26D6}.Debug|Any CPU.Build.0 = Debug|Any CPU
		{0D5C88B0-DA42-43F0-9E81-B544F44E26D6}.Debug|ARM.ActiveCfg = Debug|Any CPU
		{0D5C88B0-DA42-43F0-9E81-B544F44E26D6}.Debug|iPhone.ActiveCfg = Debug|Any CPU
		{0D5C88B0-DA42-43F0-9E81-B544F44E26D6}.Debug|iPhoneSimulator.ActiveCfg = Debug|Any CPU
		{0D5C88B0-DA42-43F0-9E81-B544F44E26D6}.Debug|Mixed Platforms.ActiveCfg = Debug|Any CPU
		{0D5C88B0-DA42-43F0-9E81-B544F44E26D6}.Debug|Mixed Platforms.Build.0 = Debug|Any CPU
		{0D5C88B0-DA42-43F0-9E81-B544F44E26D6}.Debug|x64.ActiveCfg = Debug|Any CPU
		{0D5C88B0-DA42-43F0-9E81-B544F44E26D6}.Debug|x86.ActiveCfg = Debug|Any CPU
		{0D5C88B0-DA42-43F0-9E81-B544F44E26D6}.Release|Any CPU.ActiveCfg = Release|Any CPU
		{0D5C88B0-DA42-43F0-9E81-B544F44E26D6}.Release|Any CPU.Build.0 = Release|Any CPU
		{0D5C88B0-DA42-43F0-9E81-B544F44E26D6}.Release|ARM.ActiveCfg = Release|Any CPU
		{0D5C88B0-DA42-43F0-9E81-B544F44E26D6}.Release|iPhone.ActiveCfg = Release|Any CPU
		{0D5C88B0-DA42-43F0-9E81-B544F44E26D6}.Release|iPhoneSimulator.ActiveCfg = Release|Any CPU
		{0D5C88B0-DA42-43F0-9E81-B544F44E26D6}.Release|Mixed Platforms.ActiveCfg = Release|Any CPU
		{0D5C88B0-DA42-43F0-9E81-B544F44E26D6}.Release|Mixed Platforms.Build.0 = Release|Any CPU
		{0D5C88B0-DA42-43F0-9E81-B544F44E26D6}.Release|x64.ActiveCfg = Release|Any CPU
		{0D5C88B0-DA42-43F0-9E81-B544F44E26D6}.Release|x86.ActiveCfg = Release|Any CPU
		{B8FD539C-23E2-4E8B-ABC9-6A12CE7C9F6B}.Ad-Hoc|Any CPU.ActiveCfg = Release|Any CPU
		{B8FD539C-23E2-4E8B-ABC9-6A12CE7C9F6B}.Ad-Hoc|Any CPU.Build.0 = Release|Any CPU
		{B8FD539C-23E2-4E8B-ABC9-6A12CE7C9F6B}.Ad-Hoc|ARM.ActiveCfg = Release|Any CPU
		{B8FD539C-23E2-4E8B-ABC9-6A12CE7C9F6B}.Ad-Hoc|iPhone.ActiveCfg = Release|Any CPU
		{B8FD539C-23E2-4E8B-ABC9-6A12CE7C9F6B}.Ad-Hoc|iPhoneSimulator.ActiveCfg = Release|Any CPU
		{B8FD539C-23E2-4E8B-ABC9-6A12CE7C9F6B}.Ad-Hoc|Mixed Platforms.ActiveCfg = Release|Any CPU
		{B8FD539C-23E2-4E8B-ABC9-6A12CE7C9F6B}.Ad-Hoc|Mixed Platforms.Build.0 = Release|Any CPU
		{B8FD539C-23E2-4E8B-ABC9-6A12CE7C9F6B}.Ad-Hoc|x64.ActiveCfg = Release|Any CPU
		{B8FD539C-23E2-4E8B-ABC9-6A12CE7C9F6B}.Ad-Hoc|x86.ActiveCfg = Release|Any CPU
		{B8FD539C-23E2-4E8B-ABC9-6A12CE7C9F6B}.AppStore|Any CPU.ActiveCfg = Release|Any CPU
		{B8FD539C-23E2-4E8B-ABC9-6A12CE7C9F6B}.AppStore|Any CPU.Build.0 = Release|Any CPU
		{B8FD539C-23E2-4E8B-ABC9-6A12CE7C9F6B}.AppStore|ARM.ActiveCfg = Release|Any CPU
		{B8FD539C-23E2-4E8B-ABC9-6A12CE7C9F6B}.AppStore|iPhone.ActiveCfg = Release|Any CPU
		{B8FD539C-23E2-4E8B-ABC9-6A12CE7C9F6B}.AppStore|iPhoneSimulator.ActiveCfg = Release|Any CPU
		{B8FD539C-23E2-4E8B-ABC9-6A12CE7C9F6B}.AppStore|Mixed Platforms.ActiveCfg = Release|Any CPU
		{B8FD539C-23E2-4E8B-ABC9-6A12CE7C9F6B}.AppStore|Mixed Platforms.Build.0 = Release|Any CPU
		{B8FD539C-23E2-4E8B-ABC9-6A12CE7C9F6B}.AppStore|x64.ActiveCfg = Release|Any CPU
		{B8FD539C-23E2-4E8B-ABC9-6A12CE7C9F6B}.AppStore|x86.ActiveCfg = Release|Any CPU
		{B8FD539C-23E2-4E8B-ABC9-6A12CE7C9F6B}.Debug|Any CPU.ActiveCfg = Debug|Any CPU
		{B8FD539C-23E2-4E8B-ABC9-6A12CE7C9F6B}.Debug|Any CPU.Build.0 = Debug|Any CPU
		{B8FD539C-23E2-4E8B-ABC9-6A12CE7C9F6B}.Debug|ARM.ActiveCfg = Debug|Any CPU
		{B8FD539C-23E2-4E8B-ABC9-6A12CE7C9F6B}.Debug|iPhone.ActiveCfg = Debug|Any CPU
		{B8FD539C-23E2-4E8B-ABC9-6A12CE7C9F6B}.Debug|iPhoneSimulator.ActiveCfg = Debug|Any CPU
		{B8FD539C-23E2-4E8B-ABC9-6A12CE7C9F6B}.Debug|Mixed Platforms.ActiveCfg = Debug|Any CPU
		{B8FD539C-23E2-4E8B-ABC9-6A12CE7C9F6B}.Debug|Mixed Platforms.Build.0 = Debug|Any CPU
		{B8FD539C-23E2-4E8B-ABC9-6A12CE7C9F6B}.Debug|x64.ActiveCfg = Debug|Any CPU
		{B8FD539C-23E2-4E8B-ABC9-6A12CE7C9F6B}.Debug|x86.ActiveCfg = Debug|Any CPU
		{B8FD539C-23E2-4E8B-ABC9-6A12CE7C9F6B}.Release|Any CPU.ActiveCfg = Release|Any CPU
		{B8FD539C-23E2-4E8B-ABC9-6A12CE7C9F6B}.Release|Any CPU.Build.0 = Release|Any CPU
		{B8FD539C-23E2-4E8B-ABC9-6A12CE7C9F6B}.Release|ARM.ActiveCfg = Release|Any CPU
		{B8FD539C-23E2-4E8B-ABC9-6A12CE7C9F6B}.Release|iPhone.ActiveCfg = Release|Any CPU
		{B8FD539C-23E2-4E8B-ABC9-6A12CE7C9F6B}.Release|iPhoneSimulator.ActiveCfg = Release|Any CPU
		{B8FD539C-23E2-4E8B-ABC9-6A12CE7C9F6B}.Release|Mixed Platforms.ActiveCfg = Release|Any CPU
		{B8FD539C-23E2-4E8B-ABC9-6A12CE7C9F6B}.Release|Mixed Platforms.Build.0 = Release|Any CPU
		{B8FD539C-23E2-4E8B-ABC9-6A12CE7C9F6B}.Release|x64.ActiveCfg = Release|Any CPU
		{B8FD539C-23E2-4E8B-ABC9-6A12CE7C9F6B}.Release|x86.ActiveCfg = Release|Any CPU
		{1CDFF78B-69EE-4780-AC6C-3CB8ADF0FEE4}.Ad-Hoc|Any CPU.ActiveCfg = Release|Any CPU
		{1CDFF78B-69EE-4780-AC6C-3CB8ADF0FEE4}.Ad-Hoc|Any CPU.Build.0 = Release|Any CPU
		{1CDFF78B-69EE-4780-AC6C-3CB8ADF0FEE4}.Ad-Hoc|Any CPU.Deploy.0 = Release|Any CPU
		{1CDFF78B-69EE-4780-AC6C-3CB8ADF0FEE4}.Ad-Hoc|ARM.ActiveCfg = Release|ARM
		{1CDFF78B-69EE-4780-AC6C-3CB8ADF0FEE4}.Ad-Hoc|ARM.Build.0 = Release|ARM
		{1CDFF78B-69EE-4780-AC6C-3CB8ADF0FEE4}.Ad-Hoc|ARM.Deploy.0 = Release|ARM
		{1CDFF78B-69EE-4780-AC6C-3CB8ADF0FEE4}.Ad-Hoc|iPhone.ActiveCfg = Release|Any CPU
		{1CDFF78B-69EE-4780-AC6C-3CB8ADF0FEE4}.Ad-Hoc|iPhoneSimulator.ActiveCfg = Release|Any CPU
		{1CDFF78B-69EE-4780-AC6C-3CB8ADF0FEE4}.Ad-Hoc|Mixed Platforms.ActiveCfg = Release|x86
		{1CDFF78B-69EE-4780-AC6C-3CB8ADF0FEE4}.Ad-Hoc|Mixed Platforms.Build.0 = Release|x86
		{1CDFF78B-69EE-4780-AC6C-3CB8ADF0FEE4}.Ad-Hoc|Mixed Platforms.Deploy.0 = Release|x86
		{1CDFF78B-69EE-4780-AC6C-3CB8ADF0FEE4}.Ad-Hoc|x64.ActiveCfg = Release|Any CPU
		{1CDFF78B-69EE-4780-AC6C-3CB8ADF0FEE4}.Ad-Hoc|x86.ActiveCfg = Release|x86
		{1CDFF78B-69EE-4780-AC6C-3CB8ADF0FEE4}.Ad-Hoc|x86.Build.0 = Release|x86
		{1CDFF78B-69EE-4780-AC6C-3CB8ADF0FEE4}.Ad-Hoc|x86.Deploy.0 = Release|x86
		{1CDFF78B-69EE-4780-AC6C-3CB8ADF0FEE4}.AppStore|Any CPU.ActiveCfg = Release|Any CPU
		{1CDFF78B-69EE-4780-AC6C-3CB8ADF0FEE4}.AppStore|Any CPU.Build.0 = Release|Any CPU
		{1CDFF78B-69EE-4780-AC6C-3CB8ADF0FEE4}.AppStore|Any CPU.Deploy.0 = Release|Any CPU
		{1CDFF78B-69EE-4780-AC6C-3CB8ADF0FEE4}.AppStore|ARM.ActiveCfg = Release|ARM
		{1CDFF78B-69EE-4780-AC6C-3CB8ADF0FEE4}.AppStore|ARM.Build.0 = Release|ARM
		{1CDFF78B-69EE-4780-AC6C-3CB8ADF0FEE4}.AppStore|ARM.Deploy.0 = Release|ARM
		{1CDFF78B-69EE-4780-AC6C-3CB8ADF0FEE4}.AppStore|iPhone.ActiveCfg = Release|Any CPU
		{1CDFF78B-69EE-4780-AC6C-3CB8ADF0FEE4}.AppStore|iPhoneSimulator.ActiveCfg = Release|Any CPU
		{1CDFF78B-69EE-4780-AC6C-3CB8ADF0FEE4}.AppStore|Mixed Platforms.ActiveCfg = Release|x86
		{1CDFF78B-69EE-4780-AC6C-3CB8ADF0FEE4}.AppStore|Mixed Platforms.Build.0 = Release|x86
		{1CDFF78B-69EE-4780-AC6C-3CB8ADF0FEE4}.AppStore|Mixed Platforms.Deploy.0 = Release|x86
		{1CDFF78B-69EE-4780-AC6C-3CB8ADF0FEE4}.AppStore|x64.ActiveCfg = Release|Any CPU
		{1CDFF78B-69EE-4780-AC6C-3CB8ADF0FEE4}.AppStore|x86.ActiveCfg = Release|x86
		{1CDFF78B-69EE-4780-AC6C-3CB8ADF0FEE4}.AppStore|x86.Build.0 = Release|x86
		{1CDFF78B-69EE-4780-AC6C-3CB8ADF0FEE4}.AppStore|x86.Deploy.0 = Release|x86
		{1CDFF78B-69EE-4780-AC6C-3CB8ADF0FEE4}.Debug|Any CPU.ActiveCfg = Debug|Any CPU
		{1CDFF78B-69EE-4780-AC6C-3CB8ADF0FEE4}.Debug|Any CPU.Build.0 = Debug|Any CPU
		{1CDFF78B-69EE-4780-AC6C-3CB8ADF0FEE4}.Debug|Any CPU.Deploy.0 = Debug|Any CPU
		{1CDFF78B-69EE-4780-AC6C-3CB8ADF0FEE4}.Debug|ARM.ActiveCfg = Debug|ARM
		{1CDFF78B-69EE-4780-AC6C-3CB8ADF0FEE4}.Debug|ARM.Build.0 = Debug|ARM
		{1CDFF78B-69EE-4780-AC6C-3CB8ADF0FEE4}.Debug|ARM.Deploy.0 = Debug|ARM
		{1CDFF78B-69EE-4780-AC6C-3CB8ADF0FEE4}.Debug|iPhone.ActiveCfg = Debug|Any CPU
		{1CDFF78B-69EE-4780-AC6C-3CB8ADF0FEE4}.Debug|iPhoneSimulator.ActiveCfg = Debug|Any CPU
		{1CDFF78B-69EE-4780-AC6C-3CB8ADF0FEE4}.Debug|Mixed Platforms.ActiveCfg = Debug|x86
		{1CDFF78B-69EE-4780-AC6C-3CB8ADF0FEE4}.Debug|Mixed Platforms.Build.0 = Debug|x86
		{1CDFF78B-69EE-4780-AC6C-3CB8ADF0FEE4}.Debug|Mixed Platforms.Deploy.0 = Debug|x86
		{1CDFF78B-69EE-4780-AC6C-3CB8ADF0FEE4}.Debug|x64.ActiveCfg = Debug|Any CPU
		{1CDFF78B-69EE-4780-AC6C-3CB8ADF0FEE4}.Debug|x86.ActiveCfg = Debug|x86
		{1CDFF78B-69EE-4780-AC6C-3CB8ADF0FEE4}.Debug|x86.Build.0 = Debug|x86
		{1CDFF78B-69EE-4780-AC6C-3CB8ADF0FEE4}.Debug|x86.Deploy.0 = Debug|x86
		{1CDFF78B-69EE-4780-AC6C-3CB8ADF0FEE4}.Release|Any CPU.ActiveCfg = Release|Any CPU
		{1CDFF78B-69EE-4780-AC6C-3CB8ADF0FEE4}.Release|Any CPU.Build.0 = Release|Any CPU
		{1CDFF78B-69EE-4780-AC6C-3CB8ADF0FEE4}.Release|Any CPU.Deploy.0 = Release|Any CPU
		{1CDFF78B-69EE-4780-AC6C-3CB8ADF0FEE4}.Release|ARM.ActiveCfg = Release|ARM
		{1CDFF78B-69EE-4780-AC6C-3CB8ADF0FEE4}.Release|ARM.Build.0 = Release|ARM
		{1CDFF78B-69EE-4780-AC6C-3CB8ADF0FEE4}.Release|ARM.Deploy.0 = Release|ARM
		{1CDFF78B-69EE-4780-AC6C-3CB8ADF0FEE4}.Release|iPhone.ActiveCfg = Release|Any CPU
		{1CDFF78B-69EE-4780-AC6C-3CB8ADF0FEE4}.Release|iPhoneSimulator.ActiveCfg = Release|Any CPU
		{1CDFF78B-69EE-4780-AC6C-3CB8ADF0FEE4}.Release|Mixed Platforms.ActiveCfg = Release|x86
		{1CDFF78B-69EE-4780-AC6C-3CB8ADF0FEE4}.Release|Mixed Platforms.Build.0 = Release|x86
		{1CDFF78B-69EE-4780-AC6C-3CB8ADF0FEE4}.Release|Mixed Platforms.Deploy.0 = Release|x86
		{1CDFF78B-69EE-4780-AC6C-3CB8ADF0FEE4}.Release|x64.ActiveCfg = Release|Any CPU
		{1CDFF78B-69EE-4780-AC6C-3CB8ADF0FEE4}.Release|x86.ActiveCfg = Release|x86
		{1CDFF78B-69EE-4780-AC6C-3CB8ADF0FEE4}.Release|x86.Build.0 = Release|x86
		{1CDFF78B-69EE-4780-AC6C-3CB8ADF0FEE4}.Release|x86.Deploy.0 = Release|x86
		{717F4393-392E-4495-BC78-4ED931500CC0}.Ad-Hoc|Any CPU.ActiveCfg = Ad-Hoc|iPhone
		{717F4393-392E-4495-BC78-4ED931500CC0}.Ad-Hoc|ARM.ActiveCfg = Ad-Hoc|iPhone
		{717F4393-392E-4495-BC78-4ED931500CC0}.Ad-Hoc|iPhone.ActiveCfg = Ad-Hoc|iPhone
		{717F4393-392E-4495-BC78-4ED931500CC0}.Ad-Hoc|iPhone.Build.0 = Ad-Hoc|iPhone
		{717F4393-392E-4495-BC78-4ED931500CC0}.Ad-Hoc|iPhoneSimulator.ActiveCfg = Ad-Hoc|iPhoneSimulator
		{717F4393-392E-4495-BC78-4ED931500CC0}.Ad-Hoc|iPhoneSimulator.Build.0 = Ad-Hoc|iPhoneSimulator
		{717F4393-392E-4495-BC78-4ED931500CC0}.Ad-Hoc|Mixed Platforms.ActiveCfg = Ad-Hoc|iPhone
		{717F4393-392E-4495-BC78-4ED931500CC0}.Ad-Hoc|Mixed Platforms.Build.0 = Ad-Hoc|iPhone
		{717F4393-392E-4495-BC78-4ED931500CC0}.Ad-Hoc|x64.ActiveCfg = Ad-Hoc|iPhone
		{717F4393-392E-4495-BC78-4ED931500CC0}.Ad-Hoc|x86.ActiveCfg = Ad-Hoc|iPhone
		{717F4393-392E-4495-BC78-4ED931500CC0}.AppStore|Any CPU.ActiveCfg = AppStore|iPhone
		{717F4393-392E-4495-BC78-4ED931500CC0}.AppStore|ARM.ActiveCfg = AppStore|iPhone
		{717F4393-392E-4495-BC78-4ED931500CC0}.AppStore|iPhone.ActiveCfg = AppStore|iPhone
		{717F4393-392E-4495-BC78-4ED931500CC0}.AppStore|iPhone.Build.0 = AppStore|iPhone
		{717F4393-392E-4495-BC78-4ED931500CC0}.AppStore|iPhoneSimulator.ActiveCfg = AppStore|iPhoneSimulator
		{717F4393-392E-4495-BC78-4ED931500CC0}.AppStore|iPhoneSimulator.Build.0 = AppStore|iPhoneSimulator
		{717F4393-392E-4495-BC78-4ED931500CC0}.AppStore|Mixed Platforms.ActiveCfg = AppStore|iPhone
		{717F4393-392E-4495-BC78-4ED931500CC0}.AppStore|Mixed Platforms.Build.0 = AppStore|iPhone
		{717F4393-392E-4495-BC78-4ED931500CC0}.AppStore|x64.ActiveCfg = AppStore|iPhone
		{717F4393-392E-4495-BC78-4ED931500CC0}.AppStore|x86.ActiveCfg = AppStore|iPhone
		{717F4393-392E-4495-BC78-4ED931500CC0}.Debug|Any CPU.ActiveCfg = Debug|iPhone
		{717F4393-392E-4495-BC78-4ED931500CC0}.Debug|ARM.ActiveCfg = Debug|iPhone
		{717F4393-392E-4495-BC78-4ED931500CC0}.Debug|iPhone.ActiveCfg = Debug|iPhone
		{717F4393-392E-4495-BC78-4ED931500CC0}.Debug|iPhone.Build.0 = Debug|iPhone
		{717F4393-392E-4495-BC78-4ED931500CC0}.Debug|iPhoneSimulator.ActiveCfg = Debug|iPhoneSimulator
		{717F4393-392E-4495-BC78-4ED931500CC0}.Debug|iPhoneSimulator.Build.0 = Debug|iPhoneSimulator
		{717F4393-392E-4495-BC78-4ED931500CC0}.Debug|Mixed Platforms.ActiveCfg = Debug|iPhone
		{717F4393-392E-4495-BC78-4ED931500CC0}.Debug|Mixed Platforms.Build.0 = Debug|iPhone
		{717F4393-392E-4495-BC78-4ED931500CC0}.Debug|x64.ActiveCfg = Debug|iPhone
		{717F4393-392E-4495-BC78-4ED931500CC0}.Debug|x86.ActiveCfg = Debug|iPhone
		{717F4393-392E-4495-BC78-4ED931500CC0}.Release|Any CPU.ActiveCfg = Release|iPhone
		{717F4393-392E-4495-BC78-4ED931500CC0}.Release|ARM.ActiveCfg = Release|iPhone
		{717F4393-392E-4495-BC78-4ED931500CC0}.Release|iPhone.ActiveCfg = Release|iPhone
		{717F4393-392E-4495-BC78-4ED931500CC0}.Release|iPhone.Build.0 = Release|iPhone
		{717F4393-392E-4495-BC78-4ED931500CC0}.Release|iPhoneSimulator.ActiveCfg = Release|iPhoneSimulator
		{717F4393-392E-4495-BC78-4ED931500CC0}.Release|iPhoneSimulator.Build.0 = Release|iPhoneSimulator
		{717F4393-392E-4495-BC78-4ED931500CC0}.Release|Mixed Platforms.ActiveCfg = Release|iPhone
		{717F4393-392E-4495-BC78-4ED931500CC0}.Release|Mixed Platforms.Build.0 = Release|iPhone
		{717F4393-392E-4495-BC78-4ED931500CC0}.Release|x64.ActiveCfg = Release|iPhone
		{717F4393-392E-4495-BC78-4ED931500CC0}.Release|x86.ActiveCfg = Release|iPhone
		{07D8820F-BBB2-4641-BFC3-4F039E843EBF}.Ad-Hoc|Any CPU.ActiveCfg = Release|Any CPU
		{07D8820F-BBB2-4641-BFC3-4F039E843EBF}.Ad-Hoc|Any CPU.Build.0 = Release|Any CPU
		{07D8820F-BBB2-4641-BFC3-4F039E843EBF}.Ad-Hoc|Any CPU.Deploy.0 = Release|Any CPU
		{07D8820F-BBB2-4641-BFC3-4F039E843EBF}.Ad-Hoc|ARM.ActiveCfg = Release|Any CPU
		{07D8820F-BBB2-4641-BFC3-4F039E843EBF}.Ad-Hoc|iPhone.ActiveCfg = Release|Any CPU
		{07D8820F-BBB2-4641-BFC3-4F039E843EBF}.Ad-Hoc|iPhoneSimulator.ActiveCfg = Release|Any CPU
		{07D8820F-BBB2-4641-BFC3-4F039E843EBF}.Ad-Hoc|Mixed Platforms.ActiveCfg = Release|Any CPU
		{07D8820F-BBB2-4641-BFC3-4F039E843EBF}.Ad-Hoc|Mixed Platforms.Build.0 = Release|Any CPU
		{07D8820F-BBB2-4641-BFC3-4F039E843EBF}.Ad-Hoc|Mixed Platforms.Deploy.0 = Release|Any CPU
		{07D8820F-BBB2-4641-BFC3-4F039E843EBF}.Ad-Hoc|x64.ActiveCfg = Release|Any CPU
		{07D8820F-BBB2-4641-BFC3-4F039E843EBF}.Ad-Hoc|x86.ActiveCfg = Release|Any CPU
		{07D8820F-BBB2-4641-BFC3-4F039E843EBF}.AppStore|Any CPU.ActiveCfg = Release|Any CPU
		{07D8820F-BBB2-4641-BFC3-4F039E843EBF}.AppStore|Any CPU.Build.0 = Release|Any CPU
		{07D8820F-BBB2-4641-BFC3-4F039E843EBF}.AppStore|Any CPU.Deploy.0 = Release|Any CPU
		{07D8820F-BBB2-4641-BFC3-4F039E843EBF}.AppStore|ARM.ActiveCfg = Release|Any CPU
		{07D8820F-BBB2-4641-BFC3-4F039E843EBF}.AppStore|iPhone.ActiveCfg = Release|Any CPU
		{07D8820F-BBB2-4641-BFC3-4F039E843EBF}.AppStore|iPhoneSimulator.ActiveCfg = Release|Any CPU
		{07D8820F-BBB2-4641-BFC3-4F039E843EBF}.AppStore|Mixed Platforms.ActiveCfg = Release|Any CPU
		{07D8820F-BBB2-4641-BFC3-4F039E843EBF}.AppStore|Mixed Platforms.Build.0 = Release|Any CPU
		{07D8820F-BBB2-4641-BFC3-4F039E843EBF}.AppStore|Mixed Platforms.Deploy.0 = Release|Any CPU
		{07D8820F-BBB2-4641-BFC3-4F039E843EBF}.AppStore|x64.ActiveCfg = Release|Any CPU
		{07D8820F-BBB2-4641-BFC3-4F039E843EBF}.AppStore|x86.ActiveCfg = Release|Any CPU
		{07D8820F-BBB2-4641-BFC3-4F039E843EBF}.Debug|Any CPU.ActiveCfg = Debug|Any CPU
		{07D8820F-BBB2-4641-BFC3-4F039E843EBF}.Debug|Any CPU.Build.0 = Debug|Any CPU
		{07D8820F-BBB2-4641-BFC3-4F039E843EBF}.Debug|Any CPU.Deploy.0 = Debug|Any CPU
		{07D8820F-BBB2-4641-BFC3-4F039E843EBF}.Debug|ARM.ActiveCfg = Debug|Any CPU
		{07D8820F-BBB2-4641-BFC3-4F039E843EBF}.Debug|iPhone.ActiveCfg = Debug|Any CPU
		{07D8820F-BBB2-4641-BFC3-4F039E843EBF}.Debug|iPhoneSimulator.ActiveCfg = Debug|Any CPU
		{07D8820F-BBB2-4641-BFC3-4F039E843EBF}.Debug|Mixed Platforms.ActiveCfg = Debug|Any CPU
		{07D8820F-BBB2-4641-BFC3-4F039E843EBF}.Debug|Mixed Platforms.Build.0 = Debug|Any CPU
		{07D8820F-BBB2-4641-BFC3-4F039E843EBF}.Debug|Mixed Platforms.Deploy.0 = Debug|Any CPU
		{07D8820F-BBB2-4641-BFC3-4F039E843EBF}.Debug|x64.ActiveCfg = Debug|Any CPU
		{07D8820F-BBB2-4641-BFC3-4F039E843EBF}.Debug|x86.ActiveCfg = Debug|Any CPU
		{07D8820F-BBB2-4641-BFC3-4F039E843EBF}.Release|Any CPU.ActiveCfg = Release|Any CPU
		{07D8820F-BBB2-4641-BFC3-4F039E843EBF}.Release|Any CPU.Build.0 = Release|Any CPU
		{07D8820F-BBB2-4641-BFC3-4F039E843EBF}.Release|Any CPU.Deploy.0 = Release|Any CPU
		{07D8820F-BBB2-4641-BFC3-4F039E843EBF}.Release|ARM.ActiveCfg = Release|Any CPU
		{07D8820F-BBB2-4641-BFC3-4F039E843EBF}.Release|iPhone.ActiveCfg = Release|Any CPU
		{07D8820F-BBB2-4641-BFC3-4F039E843EBF}.Release|iPhoneSimulator.ActiveCfg = Release|Any CPU
		{07D8820F-BBB2-4641-BFC3-4F039E843EBF}.Release|Mixed Platforms.ActiveCfg = Release|Any CPU
		{07D8820F-BBB2-4641-BFC3-4F039E843EBF}.Release|Mixed Platforms.Build.0 = Release|Any CPU
		{07D8820F-BBB2-4641-BFC3-4F039E843EBF}.Release|Mixed Platforms.Deploy.0 = Release|Any CPU
		{07D8820F-BBB2-4641-BFC3-4F039E843EBF}.Release|x64.ActiveCfg = Release|Any CPU
		{07D8820F-BBB2-4641-BFC3-4F039E843EBF}.Release|x86.ActiveCfg = Release|Any CPU
		{BAF7DFF4-51C5-49DE-9C9F-43889D7E216D}.Ad-Hoc|Any CPU.ActiveCfg = Release|Any CPU
		{BAF7DFF4-51C5-49DE-9C9F-43889D7E216D}.Ad-Hoc|Any CPU.Build.0 = Release|Any CPU
		{BAF7DFF4-51C5-49DE-9C9F-43889D7E216D}.Ad-Hoc|ARM.ActiveCfg = Release|Any CPU
		{BAF7DFF4-51C5-49DE-9C9F-43889D7E216D}.Ad-Hoc|iPhone.ActiveCfg = Release|Any CPU
		{BAF7DFF4-51C5-49DE-9C9F-43889D7E216D}.Ad-Hoc|iPhoneSimulator.ActiveCfg = Release|Any CPU
		{BAF7DFF4-51C5-49DE-9C9F-43889D7E216D}.Ad-Hoc|Mixed Platforms.ActiveCfg = Release|Any CPU
		{BAF7DFF4-51C5-49DE-9C9F-43889D7E216D}.Ad-Hoc|Mixed Platforms.Build.0 = Release|Any CPU
		{BAF7DFF4-51C5-49DE-9C9F-43889D7E216D}.Ad-Hoc|x64.ActiveCfg = Release|Any CPU
		{BAF7DFF4-51C5-49DE-9C9F-43889D7E216D}.Ad-Hoc|x86.ActiveCfg = Release|Any CPU
		{BAF7DFF4-51C5-49DE-9C9F-43889D7E216D}.AppStore|Any CPU.ActiveCfg = Release|Any CPU
		{BAF7DFF4-51C5-49DE-9C9F-43889D7E216D}.AppStore|Any CPU.Build.0 = Release|Any CPU
		{BAF7DFF4-51C5-49DE-9C9F-43889D7E216D}.AppStore|ARM.ActiveCfg = Release|Any CPU
		{BAF7DFF4-51C5-49DE-9C9F-43889D7E216D}.AppStore|iPhone.ActiveCfg = Release|Any CPU
		{BAF7DFF4-51C5-49DE-9C9F-43889D7E216D}.AppStore|iPhoneSimulator.ActiveCfg = Release|Any CPU
		{BAF7DFF4-51C5-49DE-9C9F-43889D7E216D}.AppStore|Mixed Platforms.ActiveCfg = Release|Any CPU
		{BAF7DFF4-51C5-49DE-9C9F-43889D7E216D}.AppStore|Mixed Platforms.Build.0 = Release|Any CPU
		{BAF7DFF4-51C5-49DE-9C9F-43889D7E216D}.AppStore|x64.ActiveCfg = Release|Any CPU
		{BAF7DFF4-51C5-49DE-9C9F-43889D7E216D}.AppStore|x86.ActiveCfg = Release|Any CPU
		{BAF7DFF4-51C5-49DE-9C9F-43889D7E216D}.Debug|Any CPU.ActiveCfg = Debug|Any CPU
		{BAF7DFF4-51C5-49DE-9C9F-43889D7E216D}.Debug|Any CPU.Build.0 = Debug|Any CPU
		{BAF7DFF4-51C5-49DE-9C9F-43889D7E216D}.Debug|ARM.ActiveCfg = Debug|Any CPU
		{BAF7DFF4-51C5-49DE-9C9F-43889D7E216D}.Debug|iPhone.ActiveCfg = Debug|Any CPU
		{BAF7DFF4-51C5-49DE-9C9F-43889D7E216D}.Debug|iPhoneSimulator.ActiveCfg = Debug|Any CPU
		{BAF7DFF4-51C5-49DE-9C9F-43889D7E216D}.Debug|Mixed Platforms.ActiveCfg = Debug|Any CPU
		{BAF7DFF4-51C5-49DE-9C9F-43889D7E216D}.Debug|Mixed Platforms.Build.0 = Debug|Any CPU
		{BAF7DFF4-51C5-49DE-9C9F-43889D7E216D}.Debug|x64.ActiveCfg = Debug|Any CPU
		{BAF7DFF4-51C5-49DE-9C9F-43889D7E216D}.Debug|x86.ActiveCfg = Debug|Any CPU
		{BAF7DFF4-51C5-49DE-9C9F-43889D7E216D}.Release|Any CPU.ActiveCfg = Release|Any CPU
		{BAF7DFF4-51C5-49DE-9C9F-43889D7E216D}.Release|Any CPU.Build.0 = Release|Any CPU
		{BAF7DFF4-51C5-49DE-9C9F-43889D7E216D}.Release|ARM.ActiveCfg = Release|Any CPU
		{BAF7DFF4-51C5-49DE-9C9F-43889D7E216D}.Release|iPhone.ActiveCfg = Release|Any CPU
		{BAF7DFF4-51C5-49DE-9C9F-43889D7E216D}.Release|iPhoneSimulator.ActiveCfg = Release|Any CPU
		{BAF7DFF4-51C5-49DE-9C9F-43889D7E216D}.Release|Mixed Platforms.ActiveCfg = Release|Any CPU
		{BAF7DFF4-51C5-49DE-9C9F-43889D7E216D}.Release|Mixed Platforms.Build.0 = Release|Any CPU
		{BAF7DFF4-51C5-49DE-9C9F-43889D7E216D}.Release|x64.ActiveCfg = Release|Any CPU
		{BAF7DFF4-51C5-49DE-9C9F-43889D7E216D}.Release|x86.ActiveCfg = Release|Any CPU
		{E0DF1548-9374-479E-8E47-0DEAFD50F959}.Ad-Hoc|Any CPU.ActiveCfg = Release|Any CPU
		{E0DF1548-9374-479E-8E47-0DEAFD50F959}.Ad-Hoc|Any CPU.Build.0 = Release|Any CPU
		{E0DF1548-9374-479E-8E47-0DEAFD50F959}.Ad-Hoc|ARM.ActiveCfg = Release|Any CPU
		{E0DF1548-9374-479E-8E47-0DEAFD50F959}.Ad-Hoc|iPhone.ActiveCfg = Release|Any CPU
		{E0DF1548-9374-479E-8E47-0DEAFD50F959}.Ad-Hoc|iPhoneSimulator.ActiveCfg = Release|Any CPU
		{E0DF1548-9374-479E-8E47-0DEAFD50F959}.Ad-Hoc|Mixed Platforms.ActiveCfg = Release|Any CPU
		{E0DF1548-9374-479E-8E47-0DEAFD50F959}.Ad-Hoc|Mixed Platforms.Build.0 = Release|Any CPU
		{E0DF1548-9374-479E-8E47-0DEAFD50F959}.Ad-Hoc|x64.ActiveCfg = Release|Any CPU
		{E0DF1548-9374-479E-8E47-0DEAFD50F959}.Ad-Hoc|x86.ActiveCfg = Release|Any CPU
		{E0DF1548-9374-479E-8E47-0DEAFD50F959}.AppStore|Any CPU.ActiveCfg = Release|Any CPU
		{E0DF1548-9374-479E-8E47-0DEAFD50F959}.AppStore|Any CPU.Build.0 = Release|Any CPU
		{E0DF1548-9374-479E-8E47-0DEAFD50F959}.AppStore|ARM.ActiveCfg = Release|Any CPU
		{E0DF1548-9374-479E-8E47-0DEAFD50F959}.AppStore|iPhone.ActiveCfg = Release|Any CPU
		{E0DF1548-9374-479E-8E47-0DEAFD50F959}.AppStore|iPhoneSimulator.ActiveCfg = Release|Any CPU
		{E0DF1548-9374-479E-8E47-0DEAFD50F959}.AppStore|Mixed Platforms.ActiveCfg = Release|Any CPU
		{E0DF1548-9374-479E-8E47-0DEAFD50F959}.AppStore|Mixed Platforms.Build.0 = Release|Any CPU
		{E0DF1548-9374-479E-8E47-0DEAFD50F959}.AppStore|x64.ActiveCfg = Release|Any CPU
		{E0DF1548-9374-479E-8E47-0DEAFD50F959}.AppStore|x86.ActiveCfg = Release|Any CPU
		{E0DF1548-9374-479E-8E47-0DEAFD50F959}.Debug|Any CPU.ActiveCfg = Debug|Any CPU
		{E0DF1548-9374-479E-8E47-0DEAFD50F959}.Debug|Any CPU.Build.0 = Debug|Any CPU
		{E0DF1548-9374-479E-8E47-0DEAFD50F959}.Debug|ARM.ActiveCfg = Debug|Any CPU
		{E0DF1548-9374-479E-8E47-0DEAFD50F959}.Debug|iPhone.ActiveCfg = Debug|Any CPU
		{E0DF1548-9374-479E-8E47-0DEAFD50F959}.Debug|iPhoneSimulator.ActiveCfg = Debug|Any CPU
		{E0DF1548-9374-479E-8E47-0DEAFD50F959}.Debug|Mixed Platforms.ActiveCfg = Debug|Any CPU
		{E0DF1548-9374-479E-8E47-0DEAFD50F959}.Debug|Mixed Platforms.Build.0 = Debug|Any CPU
		{E0DF1548-9374-479E-8E47-0DEAFD50F959}.Debug|x64.ActiveCfg = Debug|Any CPU
		{E0DF1548-9374-479E-8E47-0DEAFD50F959}.Debug|x86.ActiveCfg = Debug|Any CPU
		{E0DF1548-9374-479E-8E47-0DEAFD50F959}.Release|Any CPU.ActiveCfg = Release|Any CPU
		{E0DF1548-9374-479E-8E47-0DEAFD50F959}.Release|Any CPU.Build.0 = Release|Any CPU
		{E0DF1548-9374-479E-8E47-0DEAFD50F959}.Release|ARM.ActiveCfg = Release|Any CPU
		{E0DF1548-9374-479E-8E47-0DEAFD50F959}.Release|iPhone.ActiveCfg = Release|Any CPU
		{E0DF1548-9374-479E-8E47-0DEAFD50F959}.Release|iPhoneSimulator.ActiveCfg = Release|Any CPU
		{E0DF1548-9374-479E-8E47-0DEAFD50F959}.Release|Mixed Platforms.ActiveCfg = Release|Any CPU
		{E0DF1548-9374-479E-8E47-0DEAFD50F959}.Release|Mixed Platforms.Build.0 = Release|Any CPU
		{E0DF1548-9374-479E-8E47-0DEAFD50F959}.Release|x64.ActiveCfg = Release|Any CPU
		{E0DF1548-9374-479E-8E47-0DEAFD50F959}.Release|x86.ActiveCfg = Release|Any CPU
	EndGlobalSection
	GlobalSection(SolutionProperties) = preSolution
		HideSolutionNode = FALSE
	EndGlobalSection
	GlobalSection(NestedProjects) = preSolution
		{2F5748F5-AE2A-4680-889C-1F6E1EC0B846} = {2DE8C8E7-CE29-4610-8538-2607BEC3965C}
		{0D5C88B0-DA42-43F0-9E81-B544F44E26D6} = {2DE8C8E7-CE29-4610-8538-2607BEC3965C}
		{B8FD539C-23E2-4E8B-ABC9-6A12CE7C9F6B} = {2DE8C8E7-CE29-4610-8538-2607BEC3965C}
		{82CE35F5-3823-4A9D-87F7-CF7DF02C1162} = {C7A060F0-6AEC-4785-A433-34F152122CAD}
		{1CDFF78B-69EE-4780-AC6C-3CB8ADF0FEE4} = {C7A060F0-6AEC-4785-A433-34F152122CAD}
		{717F4393-392E-4495-BC78-4ED931500CC0} = {C7A060F0-6AEC-4785-A433-34F152122CAD}
		{07D8820F-BBB2-4641-BFC3-4F039E843EBF} = {C7A060F0-6AEC-4785-A433-34F152122CAD}
		{E0DF1548-9374-479E-8E47-0DEAFD50F959} = {2DE8C8E7-CE29-4610-8538-2607BEC3965C}
	EndGlobalSection
EndGlobal
