
Microsoft Visual Studio Solution File, Format Version 12.00
# Visual Studio 2013
VisualStudioVersion = 12.0.30723.0
MinimumVisualStudioVersion = 10.0.40219.1
Project("{D954291E-2A0B-460D-934E-DC6B0785DB48}") = "OpenPlaylistApp", "OpenPlaylistApp\OpenPlaylistApp\OpenPlaylistApp\OpenPlaylistApp.shproj", "{9A56FC8D-82C1-4F13-9699-62B8573BCD9B}"
EndProject
Project("{FAE04EC0-301F-11D3-BF4B-00C04F79EFBC}") = "OpenPlaylistApp.WinPhone", "OpenPlaylistApp\OpenPlaylistApp\OpenPlaylistApp.WinPhone\OpenPlaylistApp.WinPhone.csproj", "{C0C10E8D-BA00-4A50-87F9-E95B55E4A45B}"
EndProject
Project("{FAE04EC0-301F-11D3-BF4B-00C04F79EFBC}") = "OpenPlaylistApp.iOS", "OpenPlaylistApp\OpenPlaylistApp\OpenPlaylistApp.iOS\OpenPlaylistApp.iOS.csproj", "{2205D30A-BA6D-4D6C-BF73-011280EB0C56}"
EndProject
Project("{FAE04EC0-301F-11D3-BF4B-00C04F79EFBC}") = "OpenPlaylistApp.Android", "OpenPlaylistApp\OpenPlaylistApp\OpenPlaylistApp.Android\OpenPlaylistApp.Android.csproj", "{8D15B1F9-0FE6-4C8D-A427-D9AD29E57AA7}"
EndProject
Project("{FAE04EC0-301F-11D3-BF4B-00C04F79EFBC}") = "WebAPILib", "OpenPlaylistApp\WebAPILib\WebAPILib.csproj", "{18D1298D-87F8-45FD-91AE-FD7BDDE81A72}"
EndProject
Project("{FAE04EC0-301F-11D3-BF4B-00C04F79EFBC}") = "WebAPITests", "OpenPlaylistApp\TestSuite\WebAPITests.csproj", "{89BFBABE-6865-438B-945E-6924C3E94883}"
EndProject
Project("{2150E333-8FDC-42A3-9474-1A3956D46DE8}") = "App", "App", "{C7A060F0-6AEC-4785-A433-34F152122CAD}"
EndProject
Project("{2150E333-8FDC-42A3-9474-1A3956D46DE8}") = "Server", "Server", "{2DE8C8E7-CE29-4610-8538-2607BEC3965C}"
EndProject
Project("{FAE04EC0-301F-11D3-BF4B-00C04F79EFBC}") = "OpenPlaylistServer", "OpenPlaylistServer\OpenPlaylistServer\OpenPlaylistServer.csproj", "{2F5748F5-AE2A-4680-889C-1F6E1EC0B846}"
EndProject
Project("{FAE04EC0-301F-11D3-BF4B-00C04F79EFBC}") = "SpotifyDotNet", "OpenPlaylistServer\SpotifyDotNet\SpotifyDotNet.csproj", "{0D5C88B0-DA42-43F0-9E81-B544F44E26D6}"
EndProject
Project("{FAE04EC0-301F-11D3-BF4B-00C04F79EFBC}") = "TestSuite", "OpenPlaylistServer\TestSuite\TestSuite.csproj", "{B8FD539C-23E2-4E8B-ABC9-6A12CE7C9F6B}"
EndProject
Global
	GlobalSection(SharedMSBuildProjectFiles) = preSolution
		OpenPlaylistApp\OpenPlaylistApp\OpenPlaylistApp\OpenPlaylistApp.projitems*{c0c10e8d-ba00-4a50-87f9-e95b55e4a45b}*SharedItemsImports = 4
		OpenPlaylistApp\OpenPlaylistApp\OpenPlaylistApp\OpenPlaylistApp.projitems*{2205d30a-ba6d-4d6c-bf73-011280eb0c56}*SharedItemsImports = 4
		OpenPlaylistApp\OpenPlaylistApp\OpenPlaylistApp\OpenPlaylistApp.projitems*{8d15b1f9-0fe6-4c8d-a427-d9ad29e57aa7}*SharedItemsImports = 4
		OpenPlaylistApp\OpenPlaylistApp\OpenPlaylistApp\OpenPlaylistApp.projitems*{9a56fc8d-82c1-4f13-9699-62b8573bcd9b}*SharedItemsImports = 13
	EndGlobalSection
	GlobalSection(SolutionConfigurationPlatforms) = preSolution
		Ad-Hoc|Any CPU = Ad-Hoc|Any CPU
		Ad-Hoc|ARM = Ad-Hoc|ARM
		Ad-Hoc|iPhone = Ad-Hoc|iPhone
		Ad-Hoc|iPhoneSimulator = Ad-Hoc|iPhoneSimulator
		Ad-Hoc|Mixed Platforms = Ad-Hoc|Mixed Platforms
		Ad-Hoc|x64 = Ad-Hoc|x64
		Ad-Hoc|x86 = Ad-Hoc|x86
		AppStore|Any CPU = AppStore|Any CPU
		AppStore|ARM = AppStore|ARM
		AppStore|iPhone = AppStore|iPhone
		AppStore|iPhoneSimulator = AppStore|iPhoneSimulator
		AppStore|Mixed Platforms = AppStore|Mixed Platforms
		AppStore|x64 = AppStore|x64
		AppStore|x86 = AppStore|x86
		Debug|Any CPU = Debug|Any CPU
		Debug|ARM = Debug|ARM
		Debug|iPhone = Debug|iPhone
		Debug|iPhoneSimulator = Debug|iPhoneSimulator
		Debug|Mixed Platforms = Debug|Mixed Platforms
		Debug|x64 = Debug|x64
		Debug|x86 = Debug|x86
		Release|Any CPU = Release|Any CPU
		Release|ARM = Release|ARM
		Release|iPhone = Release|iPhone
		Release|iPhoneSimulator = Release|iPhoneSimulator
		Release|Mixed Platforms = Release|Mixed Platforms
		Release|x64 = Release|x64
		Release|x86 = Release|x86
	EndGlobalSection
	GlobalSection(ProjectConfigurationPlatforms) = postSolution
		{C0C10E8D-BA00-4A50-87F9-E95B55E4A45B}.Ad-Hoc|Any CPU.ActiveCfg = Release|Any CPU
		{C0C10E8D-BA00-4A50-87F9-E95B55E4A45B}.Ad-Hoc|Any CPU.Build.0 = Release|Any CPU
		{C0C10E8D-BA00-4A50-87F9-E95B55E4A45B}.Ad-Hoc|Any CPU.Deploy.0 = Release|Any CPU
		{C0C10E8D-BA00-4A50-87F9-E95B55E4A45B}.Ad-Hoc|ARM.ActiveCfg = Release|ARM
		{C0C10E8D-BA00-4A50-87F9-E95B55E4A45B}.Ad-Hoc|ARM.Build.0 = Release|ARM
		{C0C10E8D-BA00-4A50-87F9-E95B55E4A45B}.Ad-Hoc|ARM.Deploy.0 = Release|ARM
		{C0C10E8D-BA00-4A50-87F9-E95B55E4A45B}.Ad-Hoc|iPhone.ActiveCfg = Release|Any CPU
		{C0C10E8D-BA00-4A50-87F9-E95B55E4A45B}.Ad-Hoc|iPhoneSimulator.ActiveCfg = Release|Any CPU
		{C0C10E8D-BA00-4A50-87F9-E95B55E4A45B}.Ad-Hoc|Mixed Platforms.ActiveCfg = Release|x86
		{C0C10E8D-BA00-4A50-87F9-E95B55E4A45B}.Ad-Hoc|Mixed Platforms.Build.0 = Release|x86
		{C0C10E8D-BA00-4A50-87F9-E95B55E4A45B}.Ad-Hoc|Mixed Platforms.Deploy.0 = Release|x86
		{C0C10E8D-BA00-4A50-87F9-E95B55E4A45B}.Ad-Hoc|x64.ActiveCfg = Debug|Any CPU
		{C0C10E8D-BA00-4A50-87F9-E95B55E4A45B}.Ad-Hoc|x86.ActiveCfg = Release|x86
		{C0C10E8D-BA00-4A50-87F9-E95B55E4A45B}.Ad-Hoc|x86.Build.0 = Release|x86
		{C0C10E8D-BA00-4A50-87F9-E95B55E4A45B}.Ad-Hoc|x86.Deploy.0 = Release|x86
		{C0C10E8D-BA00-4A50-87F9-E95B55E4A45B}.AppStore|Any CPU.ActiveCfg = Release|Any CPU
		{C0C10E8D-BA00-4A50-87F9-E95B55E4A45B}.AppStore|Any CPU.Build.0 = Release|Any CPU
		{C0C10E8D-BA00-4A50-87F9-E95B55E4A45B}.AppStore|Any CPU.Deploy.0 = Release|Any CPU
		{C0C10E8D-BA00-4A50-87F9-E95B55E4A45B}.AppStore|ARM.ActiveCfg = Release|ARM
		{C0C10E8D-BA00-4A50-87F9-E95B55E4A45B}.AppStore|ARM.Build.0 = Release|ARM
		{C0C10E8D-BA00-4A50-87F9-E95B55E4A45B}.AppStore|ARM.Deploy.0 = Release|ARM
		{C0C10E8D-BA00-4A50-87F9-E95B55E4A45B}.AppStore|iPhone.ActiveCfg = Release|Any CPU
		{C0C10E8D-BA00-4A50-87F9-E95B55E4A45B}.AppStore|iPhoneSimulator.ActiveCfg = Release|Any CPU
		{C0C10E8D-BA00-4A50-87F9-E95B55E4A45B}.AppStore|Mixed Platforms.ActiveCfg = Release|x86
		{C0C10E8D-BA00-4A50-87F9-E95B55E4A45B}.AppStore|Mixed Platforms.Build.0 = Release|x86
		{C0C10E8D-BA00-4A50-87F9-E95B55E4A45B}.AppStore|Mixed Platforms.Deploy.0 = Release|x86
		{C0C10E8D-BA00-4A50-87F9-E95B55E4A45B}.AppStore|x64.ActiveCfg = Debug|Any CPU
		{C0C10E8D-BA00-4A50-87F9-E95B55E4A45B}.AppStore|x86.ActiveCfg = Release|x86
		{C0C10E8D-BA00-4A50-87F9-E95B55E4A45B}.AppStore|x86.Build.0 = Release|x86
		{C0C10E8D-BA00-4A50-87F9-E95B55E4A45B}.AppStore|x86.Deploy.0 = Release|x86
		{C0C10E8D-BA00-4A50-87F9-E95B55E4A45B}.Debug|Any CPU.ActiveCfg = Debug|Any CPU
		{C0C10E8D-BA00-4A50-87F9-E95B55E4A45B}.Debug|Any CPU.Build.0 = Debug|Any CPU
		{C0C10E8D-BA00-4A50-87F9-E95B55E4A45B}.Debug|Any CPU.Deploy.0 = Debug|Any CPU
		{C0C10E8D-BA00-4A50-87F9-E95B55E4A45B}.Debug|ARM.ActiveCfg = Debug|ARM
		{C0C10E8D-BA00-4A50-87F9-E95B55E4A45B}.Debug|ARM.Build.0 = Debug|ARM
		{C0C10E8D-BA00-4A50-87F9-E95B55E4A45B}.Debug|ARM.Deploy.0 = Debug|ARM
		{C0C10E8D-BA00-4A50-87F9-E95B55E4A45B}.Debug|iPhone.ActiveCfg = Debug|Any CPU
		{C0C10E8D-BA00-4A50-87F9-E95B55E4A45B}.Debug|iPhoneSimulator.ActiveCfg = Debug|Any CPU
		{C0C10E8D-BA00-4A50-87F9-E95B55E4A45B}.Debug|Mixed Platforms.ActiveCfg = Debug|x86
		{C0C10E8D-BA00-4A50-87F9-E95B55E4A45B}.Debug|Mixed Platforms.Build.0 = Debug|x86
		{C0C10E8D-BA00-4A50-87F9-E95B55E4A45B}.Debug|Mixed Platforms.Deploy.0 = Debug|x86
		{C0C10E8D-BA00-4A50-87F9-E95B55E4A45B}.Debug|x64.ActiveCfg = Debug|Any CPU
		{C0C10E8D-BA00-4A50-87F9-E95B55E4A45B}.Debug|x86.ActiveCfg = Debug|x86
		{C0C10E8D-BA00-4A50-87F9-E95B55E4A45B}.Debug|x86.Build.0 = Debug|x86
		{C0C10E8D-BA00-4A50-87F9-E95B55E4A45B}.Debug|x86.Deploy.0 = Debug|x86
		{C0C10E8D-BA00-4A50-87F9-E95B55E4A45B}.Release|Any CPU.ActiveCfg = Release|Any CPU
		{C0C10E8D-BA00-4A50-87F9-E95B55E4A45B}.Release|Any CPU.Build.0 = Release|Any CPU
		{C0C10E8D-BA00-4A50-87F9-E95B55E4A45B}.Release|Any CPU.Deploy.0 = Release|Any CPU
		{C0C10E8D-BA00-4A50-87F9-E95B55E4A45B}.Release|ARM.ActiveCfg = Release|ARM
		{C0C10E8D-BA00-4A50-87F9-E95B55E4A45B}.Release|ARM.Build.0 = Release|ARM
		{C0C10E8D-BA00-4A50-87F9-E95B55E4A45B}.Release|ARM.Deploy.0 = Release|ARM
		{C0C10E8D-BA00-4A50-87F9-E95B55E4A45B}.Release|iPhone.ActiveCfg = Release|Any CPU
		{C0C10E8D-BA00-4A50-87F9-E95B55E4A45B}.Release|iPhoneSimulator.ActiveCfg = Release|Any CPU
		{C0C10E8D-BA00-4A50-87F9-E95B55E4A45B}.Release|Mixed Platforms.ActiveCfg = Release|x86
		{C0C10E8D-BA00-4A50-87F9-E95B55E4A45B}.Release|Mixed Platforms.Build.0 = Release|x86
		{C0C10E8D-BA00-4A50-87F9-E95B55E4A45B}.Release|Mixed Platforms.Deploy.0 = Release|x86
		{C0C10E8D-BA00-4A50-87F9-E95B55E4A45B}.Release|x64.ActiveCfg = Release|Any CPU
		{C0C10E8D-BA00-4A50-87F9-E95B55E4A45B}.Release|x86.ActiveCfg = Release|x86
		{C0C10E8D-BA00-4A50-87F9-E95B55E4A45B}.Release|x86.Build.0 = Release|x86
		{C0C10E8D-BA00-4A50-87F9-E95B55E4A45B}.Release|x86.Deploy.0 = Release|x86
		{2205D30A-BA6D-4D6C-BF73-011280EB0C56}.Ad-Hoc|Any CPU.ActiveCfg = Ad-Hoc|iPhone
		{2205D30A-BA6D-4D6C-BF73-011280EB0C56}.Ad-Hoc|ARM.ActiveCfg = Ad-Hoc|iPhone
		{2205D30A-BA6D-4D6C-BF73-011280EB0C56}.Ad-Hoc|iPhone.ActiveCfg = Ad-Hoc|iPhone
		{2205D30A-BA6D-4D6C-BF73-011280EB0C56}.Ad-Hoc|iPhone.Build.0 = Ad-Hoc|iPhone
		{2205D30A-BA6D-4D6C-BF73-011280EB0C56}.Ad-Hoc|iPhoneSimulator.ActiveCfg = Ad-Hoc|iPhoneSimulator
		{2205D30A-BA6D-4D6C-BF73-011280EB0C56}.Ad-Hoc|iPhoneSimulator.Build.0 = Ad-Hoc|iPhoneSimulator
		{2205D30A-BA6D-4D6C-BF73-011280EB0C56}.Ad-Hoc|Mixed Platforms.ActiveCfg = Ad-Hoc|iPhone
		{2205D30A-BA6D-4D6C-BF73-011280EB0C56}.Ad-Hoc|Mixed Platforms.Build.0 = Ad-Hoc|iPhone
		{2205D30A-BA6D-4D6C-BF73-011280EB0C56}.Ad-Hoc|x64.ActiveCfg = Ad-Hoc|iPhoneSimulator
		{2205D30A-BA6D-4D6C-BF73-011280EB0C56}.Ad-Hoc|x86.ActiveCfg = Ad-Hoc|iPhone
		{2205D30A-BA6D-4D6C-BF73-011280EB0C56}.AppStore|Any CPU.ActiveCfg = AppStore|iPhone
		{2205D30A-BA6D-4D6C-BF73-011280EB0C56}.AppStore|ARM.ActiveCfg = AppStore|iPhone
		{2205D30A-BA6D-4D6C-BF73-011280EB0C56}.AppStore|iPhone.ActiveCfg = AppStore|iPhone
		{2205D30A-BA6D-4D6C-BF73-011280EB0C56}.AppStore|iPhone.Build.0 = AppStore|iPhone
		{2205D30A-BA6D-4D6C-BF73-011280EB0C56}.AppStore|iPhoneSimulator.ActiveCfg = AppStore|iPhoneSimulator
		{2205D30A-BA6D-4D6C-BF73-011280EB0C56}.AppStore|iPhoneSimulator.Build.0 = AppStore|iPhoneSimulator
		{2205D30A-BA6D-4D6C-BF73-011280EB0C56}.AppStore|Mixed Platforms.ActiveCfg = AppStore|iPhone
		{2205D30A-BA6D-4D6C-BF73-011280EB0C56}.AppStore|Mixed Platforms.Build.0 = AppStore|iPhone
		{2205D30A-BA6D-4D6C-BF73-011280EB0C56}.AppStore|x64.ActiveCfg = AppStore|iPhoneSimulator
		{2205D30A-BA6D-4D6C-BF73-011280EB0C56}.AppStore|x86.ActiveCfg = AppStore|iPhone
		{2205D30A-BA6D-4D6C-BF73-011280EB0C56}.Debug|Any CPU.ActiveCfg = Debug|iPhone
		{2205D30A-BA6D-4D6C-BF73-011280EB0C56}.Debug|ARM.ActiveCfg = Debug|iPhone
		{2205D30A-BA6D-4D6C-BF73-011280EB0C56}.Debug|iPhone.ActiveCfg = Debug|iPhone
		{2205D30A-BA6D-4D6C-BF73-011280EB0C56}.Debug|iPhone.Build.0 = Debug|iPhone
		{2205D30A-BA6D-4D6C-BF73-011280EB0C56}.Debug|iPhoneSimulator.ActiveCfg = Debug|iPhoneSimulator
		{2205D30A-BA6D-4D6C-BF73-011280EB0C56}.Debug|iPhoneSimulator.Build.0 = Debug|iPhoneSimulator
		{2205D30A-BA6D-4D6C-BF73-011280EB0C56}.Debug|Mixed Platforms.ActiveCfg = Debug|iPhone
		{2205D30A-BA6D-4D6C-BF73-011280EB0C56}.Debug|Mixed Platforms.Build.0 = Debug|iPhone
		{2205D30A-BA6D-4D6C-BF73-011280EB0C56}.Debug|x64.ActiveCfg = Debug|iPhoneSimulator
		{2205D30A-BA6D-4D6C-BF73-011280EB0C56}.Debug|x86.ActiveCfg = Debug|iPhone
		{2205D30A-BA6D-4D6C-BF73-011280EB0C56}.Release|Any CPU.ActiveCfg = Release|iPhone
		{2205D30A-BA6D-4D6C-BF73-011280EB0C56}.Release|ARM.ActiveCfg = Release|iPhone
		{2205D30A-BA6D-4D6C-BF73-011280EB0C56}.Release|iPhone.ActiveCfg = Release|iPhone
		{2205D30A-BA6D-4D6C-BF73-011280EB0C56}.Release|iPhone.Build.0 = Release|iPhone
		{2205D30A-BA6D-4D6C-BF73-011280EB0C56}.Release|iPhoneSimulator.ActiveCfg = Release|iPhoneSimulator
		{2205D30A-BA6D-4D6C-BF73-011280EB0C56}.Release|iPhoneSimulator.Build.0 = Release|iPhoneSimulator
		{2205D30A-BA6D-4D6C-BF73-011280EB0C56}.Release|Mixed Platforms.ActiveCfg = Release|iPhone
		{2205D30A-BA6D-4D6C-BF73-011280EB0C56}.Release|Mixed Platforms.Build.0 = Release|iPhone
		{2205D30A-BA6D-4D6C-BF73-011280EB0C56}.Release|x64.ActiveCfg = Release|iPhoneSimulator
		{2205D30A-BA6D-4D6C-BF73-011280EB0C56}.Release|x86.ActiveCfg = Release|iPhone
		{8D15B1F9-0FE6-4C8D-A427-D9AD29E57AA7}.Ad-Hoc|Any CPU.ActiveCfg = Release|Any CPU
		{8D15B1F9-0FE6-4C8D-A427-D9AD29E57AA7}.Ad-Hoc|Any CPU.Build.0 = Release|Any CPU
		{8D15B1F9-0FE6-4C8D-A427-D9AD29E57AA7}.Ad-Hoc|Any CPU.Deploy.0 = Release|Any CPU
		{8D15B1F9-0FE6-4C8D-A427-D9AD29E57AA7}.Ad-Hoc|ARM.ActiveCfg = Release|Any CPU
		{8D15B1F9-0FE6-4C8D-A427-D9AD29E57AA7}.Ad-Hoc|iPhone.ActiveCfg = Release|Any CPU
		{8D15B1F9-0FE6-4C8D-A427-D9AD29E57AA7}.Ad-Hoc|iPhoneSimulator.ActiveCfg = Release|Any CPU
		{8D15B1F9-0FE6-4C8D-A427-D9AD29E57AA7}.Ad-Hoc|Mixed Platforms.ActiveCfg = Release|Any CPU
		{8D15B1F9-0FE6-4C8D-A427-D9AD29E57AA7}.Ad-Hoc|Mixed Platforms.Build.0 = Release|Any CPU
		{8D15B1F9-0FE6-4C8D-A427-D9AD29E57AA7}.Ad-Hoc|Mixed Platforms.Deploy.0 = Release|Any CPU
		{8D15B1F9-0FE6-4C8D-A427-D9AD29E57AA7}.Ad-Hoc|x64.ActiveCfg = Debug|Any CPU
		{8D15B1F9-0FE6-4C8D-A427-D9AD29E57AA7}.Ad-Hoc|x86.ActiveCfg = Release|Any CPU
		{8D15B1F9-0FE6-4C8D-A427-D9AD29E57AA7}.AppStore|Any CPU.ActiveCfg = Release|Any CPU
		{8D15B1F9-0FE6-4C8D-A427-D9AD29E57AA7}.AppStore|Any CPU.Build.0 = Release|Any CPU
		{8D15B1F9-0FE6-4C8D-A427-D9AD29E57AA7}.AppStore|Any CPU.Deploy.0 = Release|Any CPU
		{8D15B1F9-0FE6-4C8D-A427-D9AD29E57AA7}.AppStore|ARM.ActiveCfg = Release|Any CPU
		{8D15B1F9-0FE6-4C8D-A427-D9AD29E57AA7}.AppStore|iPhone.ActiveCfg = Release|Any CPU
		{8D15B1F9-0FE6-4C8D-A427-D9AD29E57AA7}.AppStore|iPhoneSimulator.ActiveCfg = Release|Any CPU
		{8D15B1F9-0FE6-4C8D-A427-D9AD29E57AA7}.AppStore|Mixed Platforms.ActiveCfg = Release|Any CPU
		{8D15B1F9-0FE6-4C8D-A427-D9AD29E57AA7}.AppStore|Mixed Platforms.Build.0 = Release|Any CPU
		{8D15B1F9-0FE6-4C8D-A427-D9AD29E57AA7}.AppStore|Mixed Platforms.Deploy.0 = Release|Any CPU
		{8D15B1F9-0FE6-4C8D-A427-D9AD29E57AA7}.AppStore|x64.ActiveCfg = Debug|Any CPU
		{8D15B1F9-0FE6-4C8D-A427-D9AD29E57AA7}.AppStore|x86.ActiveCfg = Release|Any CPU
		{8D15B1F9-0FE6-4C8D-A427-D9AD29E57AA7}.Debug|Any CPU.ActiveCfg = Debug|Any CPU
		{8D15B1F9-0FE6-4C8D-A427-D9AD29E57AA7}.Debug|Any CPU.Build.0 = Debug|Any CPU
		{8D15B1F9-0FE6-4C8D-A427-D9AD29E57AA7}.Debug|Any CPU.Deploy.0 = Debug|Any CPU
		{8D15B1F9-0FE6-4C8D-A427-D9AD29E57AA7}.Debug|ARM.ActiveCfg = Debug|Any CPU
		{8D15B1F9-0FE6-4C8D-A427-D9AD29E57AA7}.Debug|iPhone.ActiveCfg = Debug|Any CPU
		{8D15B1F9-0FE6-4C8D-A427-D9AD29E57AA7}.Debug|iPhoneSimulator.ActiveCfg = Debug|Any CPU
		{8D15B1F9-0FE6-4C8D-A427-D9AD29E57AA7}.Debug|Mixed Platforms.ActiveCfg = Debug|Any CPU
		{8D15B1F9-0FE6-4C8D-A427-D9AD29E57AA7}.Debug|Mixed Platforms.Build.0 = Debug|Any CPU
		{8D15B1F9-0FE6-4C8D-A427-D9AD29E57AA7}.Debug|Mixed Platforms.Deploy.0 = Debug|Any CPU
		{8D15B1F9-0FE6-4C8D-A427-D9AD29E57AA7}.Debug|x64.ActiveCfg = Debug|Any CPU
		{8D15B1F9-0FE6-4C8D-A427-D9AD29E57AA7}.Debug|x86.ActiveCfg = Debug|Any CPU
		{8D15B1F9-0FE6-4C8D-A427-D9AD29E57AA7}.Release|Any CPU.ActiveCfg = Release|Any CPU
		{8D15B1F9-0FE6-4C8D-A427-D9AD29E57AA7}.Release|Any CPU.Build.0 = Release|Any CPU
		{8D15B1F9-0FE6-4C8D-A427-D9AD29E57AA7}.Release|Any CPU.Deploy.0 = Release|Any CPU
		{8D15B1F9-0FE6-4C8D-A427-D9AD29E57AA7}.Release|ARM.ActiveCfg = Release|Any CPU
		{8D15B1F9-0FE6-4C8D-A427-D9AD29E57AA7}.Release|iPhone.ActiveCfg = Release|Any CPU
		{8D15B1F9-0FE6-4C8D-A427-D9AD29E57AA7}.Release|iPhoneSimulator.ActiveCfg = Release|Any CPU
		{8D15B1F9-0FE6-4C8D-A427-D9AD29E57AA7}.Release|Mixed Platforms.ActiveCfg = Release|Any CPU
		{8D15B1F9-0FE6-4C8D-A427-D9AD29E57AA7}.Release|Mixed Platforms.Build.0 = Release|Any CPU
		{8D15B1F9-0FE6-4C8D-A427-D9AD29E57AA7}.Release|Mixed Platforms.Deploy.0 = Release|Any CPU
		{8D15B1F9-0FE6-4C8D-A427-D9AD29E57AA7}.Release|x64.ActiveCfg = Release|Any CPU
		{8D15B1F9-0FE6-4C8D-A427-D9AD29E57AA7}.Release|x86.ActiveCfg = Release|Any CPU
		{18D1298D-87F8-45FD-91AE-FD7BDDE81A72}.Ad-Hoc|Any CPU.ActiveCfg = Release|Any CPU
		{18D1298D-87F8-45FD-91AE-FD7BDDE81A72}.Ad-Hoc|Any CPU.Build.0 = Release|Any CPU
		{18D1298D-87F8-45FD-91AE-FD7BDDE81A72}.Ad-Hoc|ARM.ActiveCfg = Release|Any CPU
		{18D1298D-87F8-45FD-91AE-FD7BDDE81A72}.Ad-Hoc|iPhone.ActiveCfg = Release|Any CPU
		{18D1298D-87F8-45FD-91AE-FD7BDDE81A72}.Ad-Hoc|iPhoneSimulator.ActiveCfg = Release|Any CPU
		{18D1298D-87F8-45FD-91AE-FD7BDDE81A72}.Ad-Hoc|Mixed Platforms.ActiveCfg = Release|Any CPU
		{18D1298D-87F8-45FD-91AE-FD7BDDE81A72}.Ad-Hoc|Mixed Platforms.Build.0 = Release|Any CPU
		{18D1298D-87F8-45FD-91AE-FD7BDDE81A72}.Ad-Hoc|x64.ActiveCfg = Debug|Any CPU
		{18D1298D-87F8-45FD-91AE-FD7BDDE81A72}.Ad-Hoc|x86.ActiveCfg = Release|Any CPU
		{18D1298D-87F8-45FD-91AE-FD7BDDE81A72}.AppStore|Any CPU.ActiveCfg = Release|Any CPU
		{18D1298D-87F8-45FD-91AE-FD7BDDE81A72}.AppStore|Any CPU.Build.0 = Release|Any CPU
		{18D1298D-87F8-45FD-91AE-FD7BDDE81A72}.AppStore|ARM.ActiveCfg = Release|Any CPU
		{18D1298D-87F8-45FD-91AE-FD7BDDE81A72}.AppStore|iPhone.ActiveCfg = Release|Any CPU
		{18D1298D-87F8-45FD-91AE-FD7BDDE81A72}.AppStore|iPhoneSimulator.ActiveCfg = Release|Any CPU
		{18D1298D-87F8-45FD-91AE-FD7BDDE81A72}.AppStore|Mixed Platforms.ActiveCfg = Release|Any CPU
		{18D1298D-87F8-45FD-91AE-FD7BDDE81A72}.AppStore|Mixed Platforms.Build.0 = Release|Any CPU
		{18D1298D-87F8-45FD-91AE-FD7BDDE81A72}.AppStore|x64.ActiveCfg = Debug|Any CPU
		{18D1298D-87F8-45FD-91AE-FD7BDDE81A72}.AppStore|x86.ActiveCfg = Release|Any CPU
		{18D1298D-87F8-45FD-91AE-FD7BDDE81A72}.Debug|Any CPU.ActiveCfg = Debug|Any CPU
		{18D1298D-87F8-45FD-91AE-FD7BDDE81A72}.Debug|Any CPU.Build.0 = Debug|Any CPU
		{18D1298D-87F8-45FD-91AE-FD7BDDE81A72}.Debug|ARM.ActiveCfg = Debug|Any CPU
		{18D1298D-87F8-45FD-91AE-FD7BDDE81A72}.Debug|iPhone.ActiveCfg = Debug|Any CPU
		{18D1298D-87F8-45FD-91AE-FD7BDDE81A72}.Debug|iPhoneSimulator.ActiveCfg = Debug|Any CPU
		{18D1298D-87F8-45FD-91AE-FD7BDDE81A72}.Debug|Mixed Platforms.ActiveCfg = Debug|Any CPU
		{18D1298D-87F8-45FD-91AE-FD7BDDE81A72}.Debug|Mixed Platforms.Build.0 = Debug|Any CPU
		{18D1298D-87F8-45FD-91AE-FD7BDDE81A72}.Debug|x64.ActiveCfg = Debug|Any CPU
		{18D1298D-87F8-45FD-91AE-FD7BDDE81A72}.Debug|x86.ActiveCfg = Debug|Any CPU
		{18D1298D-87F8-45FD-91AE-FD7BDDE81A72}.Release|Any CPU.ActiveCfg = Release|Any CPU
		{18D1298D-87F8-45FD-91AE-FD7BDDE81A72}.Release|Any CPU.Build.0 = Release|Any CPU
		{18D1298D-87F8-45FD-91AE-FD7BDDE81A72}.Release|ARM.ActiveCfg = Release|Any CPU
		{18D1298D-87F8-45FD-91AE-FD7BDDE81A72}.Release|iPhone.ActiveCfg = Release|Any CPU
		{18D1298D-87F8-45FD-91AE-FD7BDDE81A72}.Release|iPhoneSimulator.ActiveCfg = Release|Any CPU
		{18D1298D-87F8-45FD-91AE-FD7BDDE81A72}.Release|Mixed Platforms.ActiveCfg = Release|Any CPU
		{18D1298D-87F8-45FD-91AE-FD7BDDE81A72}.Release|Mixed Platforms.Build.0 = Release|Any CPU
		{18D1298D-87F8-45FD-91AE-FD7BDDE81A72}.Release|x64.ActiveCfg = Release|Any CPU
		{18D1298D-87F8-45FD-91AE-FD7BDDE81A72}.Release|x86.ActiveCfg = Release|Any CPU
		{89BFBABE-6865-438B-945E-6924C3E94883}.Ad-Hoc|Any CPU.ActiveCfg = Release|Any CPU
		{89BFBABE-6865-438B-945E-6924C3E94883}.Ad-Hoc|Any CPU.Build.0 = Release|Any CPU
		{89BFBABE-6865-438B-945E-6924C3E94883}.Ad-Hoc|ARM.ActiveCfg = Release|Any CPU
		{89BFBABE-6865-438B-945E-6924C3E94883}.Ad-Hoc|iPhone.ActiveCfg = Release|Any CPU
		{89BFBABE-6865-438B-945E-6924C3E94883}.Ad-Hoc|iPhoneSimulator.ActiveCfg = Release|Any CPU
		{89BFBABE-6865-438B-945E-6924C3E94883}.Ad-Hoc|Mixed Platforms.ActiveCfg = Release|Any CPU
		{89BFBABE-6865-438B-945E-6924C3E94883}.Ad-Hoc|Mixed Platforms.Build.0 = Release|Any CPU
		{89BFBABE-6865-438B-945E-6924C3E94883}.Ad-Hoc|x64.ActiveCfg = Debug|Any CPU
		{89BFBABE-6865-438B-945E-6924C3E94883}.Ad-Hoc|x86.ActiveCfg = Release|Any CPU
		{89BFBABE-6865-438B-945E-6924C3E94883}.AppStore|Any CPU.ActiveCfg = Release|Any CPU
		{89BFBABE-6865-438B-945E-6924C3E94883}.AppStore|Any CPU.Build.0 = Release|Any CPU
		{89BFBABE-6865-438B-945E-6924C3E94883}.AppStore|ARM.ActiveCfg = Release|Any CPU
		{89BFBABE-6865-438B-945E-6924C3E94883}.AppStore|iPhone.ActiveCfg = Release|Any CPU
		{89BFBABE-6865-438B-945E-6924C3E94883}.AppStore|iPhoneSimulator.ActiveCfg = Release|Any CPU
		{89BFBABE-6865-438B-945E-6924C3E94883}.AppStore|Mixed Platforms.ActiveCfg = Release|Any CPU
		{89BFBABE-6865-438B-945E-6924C3E94883}.AppStore|Mixed Platforms.Build.0 = Release|Any CPU
		{89BFBABE-6865-438B-945E-6924C3E94883}.AppStore|x64.ActiveCfg = Debug|Any CPU
		{89BFBABE-6865-438B-945E-6924C3E94883}.AppStore|x86.ActiveCfg = Release|Any CPU
		{89BFBABE-6865-438B-945E-6924C3E94883}.Debug|Any CPU.ActiveCfg = Debug|Any CPU
		{89BFBABE-6865-438B-945E-6924C3E94883}.Debug|Any CPU.Build.0 = Debug|Any CPU
		{89BFBABE-6865-438B-945E-6924C3E94883}.Debug|ARM.ActiveCfg = Debug|Any CPU
		{89BFBABE-6865-438B-945E-6924C3E94883}.Debug|iPhone.ActiveCfg = Debug|Any CPU
		{89BFBABE-6865-438B-945E-6924C3E94883}.Debug|iPhoneSimulator.ActiveCfg = Debug|Any CPU
		{89BFBABE-6865-438B-945E-6924C3E94883}.Debug|Mixed Platforms.ActiveCfg = Debug|Any CPU
		{89BFBABE-6865-438B-945E-6924C3E94883}.Debug|Mixed Platforms.Build.0 = Debug|Any CPU
		{89BFBABE-6865-438B-945E-6924C3E94883}.Debug|x64.ActiveCfg = Debug|Any CPU
		{89BFBABE-6865-438B-945E-6924C3E94883}.Debug|x86.ActiveCfg = Debug|Any CPU
		{89BFBABE-6865-438B-945E-6924C3E94883}.Release|Any CPU.ActiveCfg = Release|Any CPU
		{89BFBABE-6865-438B-945E-6924C3E94883}.Release|Any CPU.Build.0 = Release|Any CPU
		{89BFBABE-6865-438B-945E-6924C3E94883}.Release|ARM.ActiveCfg = Release|Any CPU
		{89BFBABE-6865-438B-945E-6924C3E94883}.Release|iPhone.ActiveCfg = Release|Any CPU
		{89BFBABE-6865-438B-945E-6924C3E94883}.Release|iPhoneSimulator.ActiveCfg = Release|Any CPU
		{89BFBABE-6865-438B-945E-6924C3E94883}.Release|Mixed Platforms.ActiveCfg = Release|Any CPU
		{89BFBABE-6865-438B-945E-6924C3E94883}.Release|Mixed Platforms.Build.0 = Release|Any CPU
		{89BFBABE-6865-438B-945E-6924C3E94883}.Release|x64.ActiveCfg = Release|Any CPU
		{89BFBABE-6865-438B-945E-6924C3E94883}.Release|x86.ActiveCfg = Release|Any CPU
		{2F5748F5-AE2A-4680-889C-1F6E1EC0B846}.Ad-Hoc|Any CPU.ActiveCfg = Release|Any CPU
		{2F5748F5-AE2A-4680-889C-1F6E1EC0B846}.Ad-Hoc|Any CPU.Build.0 = Release|Any CPU
		{2F5748F5-AE2A-4680-889C-1F6E1EC0B846}.Ad-Hoc|ARM.ActiveCfg = Release|Any CPU
		{2F5748F5-AE2A-4680-889C-1F6E1EC0B846}.Ad-Hoc|iPhone.ActiveCfg = Release|Any CPU
		{2F5748F5-AE2A-4680-889C-1F6E1EC0B846}.Ad-Hoc|iPhoneSimulator.ActiveCfg = Release|Any CPU
		{2F5748F5-AE2A-4680-889C-1F6E1EC0B846}.Ad-Hoc|Mixed Platforms.ActiveCfg = Release|Any CPU
		{2F5748F5-AE2A-4680-889C-1F6E1EC0B846}.Ad-Hoc|Mixed Platforms.Build.0 = Release|Any CPU
		{2F5748F5-AE2A-4680-889C-1F6E1EC0B846}.Ad-Hoc|x64.ActiveCfg = Release|Any CPU
		{2F5748F5-AE2A-4680-889C-1F6E1EC0B846}.Ad-Hoc|x86.ActiveCfg = Release|Any CPU
		{2F5748F5-AE2A-4680-889C-1F6E1EC0B846}.AppStore|Any CPU.ActiveCfg = Release|Any CPU
		{2F5748F5-AE2A-4680-889C-1F6E1EC0B846}.AppStore|Any CPU.Build.0 = Release|Any CPU
		{2F5748F5-AE2A-4680-889C-1F6E1EC0B846}.AppStore|ARM.ActiveCfg = Release|Any CPU
		{2F5748F5-AE2A-4680-889C-1F6E1EC0B846}.AppStore|iPhone.ActiveCfg = Release|Any CPU
		{2F5748F5-AE2A-4680-889C-1F6E1EC0B846}.AppStore|iPhoneSimulator.ActiveCfg = Release|Any CPU
		{2F5748F5-AE2A-4680-889C-1F6E1EC0B846}.AppStore|Mixed Platforms.ActiveCfg = Release|Any CPU
		{2F5748F5-AE2A-4680-889C-1F6E1EC0B846}.AppStore|Mixed Platforms.Build.0 = Release|Any CPU
		{2F5748F5-AE2A-4680-889C-1F6E1EC0B846}.AppStore|x64.ActiveCfg = Release|Any CPU
		{2F5748F5-AE2A-4680-889C-1F6E1EC0B846}.AppStore|x86.ActiveCfg = Release|Any CPU
		{2F5748F5-AE2A-4680-889C-1F6E1EC0B846}.Debug|Any CPU.ActiveCfg = Debug|Any CPU
		{2F5748F5-AE2A-4680-889C-1F6E1EC0B846}.Debug|Any CPU.Build.0 = Debug|Any CPU
		{2F5748F5-AE2A-4680-889C-1F6E1EC0B846}.Debug|ARM.ActiveCfg = Debug|Any CPU
		{2F5748F5-AE2A-4680-889C-1F6E1EC0B846}.Debug|iPhone.ActiveCfg = Debug|Any CPU
		{2F5748F5-AE2A-4680-889C-1F6E1EC0B846}.Debug|iPhoneSimulator.ActiveCfg = Debug|Any CPU
		{2F5748F5-AE2A-4680-889C-1F6E1EC0B846}.Debug|Mixed Platforms.ActiveCfg = Debug|Any CPU
		{2F5748F5-AE2A-4680-889C-1F6E1EC0B846}.Debug|Mixed Platforms.Build.0 = Debug|Any CPU
		{2F5748F5-AE2A-4680-889C-1F6E1EC0B846}.Debug|x64.ActiveCfg = Debug|Any CPU
		{2F5748F5-AE2A-4680-889C-1F6E1EC0B846}.Debug|x86.ActiveCfg = Debug|Any CPU
		{2F5748F5-AE2A-4680-889C-1F6E1EC0B846}.Release|Any CPU.ActiveCfg = Release|Any CPU
		{2F5748F5-AE2A-4680-889C-1F6E1EC0B846}.Release|Any CPU.Build.0 = Release|Any CPU
		{2F5748F5-AE2A-4680-889C-1F6E1EC0B846}.Release|ARM.ActiveCfg = Release|Any CPU
		{2F5748F5-AE2A-4680-889C-1F6E1EC0B846}.Release|iPhone.ActiveCfg = Release|Any CPU
		{2F5748F5-AE2A-4680-889C-1F6E1EC0B846}.Release|iPhoneSimulator.ActiveCfg = Release|Any CPU
		{2F5748F5-AE2A-4680-889C-1F6E1EC0B846}.Release|Mixed Platforms.ActiveCfg = Release|Any CPU
		{2F5748F5-AE2A-4680-889C-1F6E1EC0B846}.Release|Mixed Platforms.Build.0 = Release|Any CPU
		{2F5748F5-AE2A-4680-889C-1F6E1EC0B846}.Release|x64.ActiveCfg = Release|Any CPU
		{2F5748F5-AE2A-4680-889C-1F6E1EC0B846}.Release|x86.ActiveCfg = Release|Any CPU
		{0D5C88B0-DA42-43F0-9E81-B544F44E26D6}.Ad-Hoc|Any CPU.ActiveCfg = Release|Any CPU
		{0D5C88B0-DA42-43F0-9E81-B544F44E26D6}.Ad-Hoc|Any CPU.Build.0 = Release|Any CPU
		{0D5C88B0-DA42-43F0-9E81-B544F44E26D6}.Ad-Hoc|ARM.ActiveCfg = Release|Any CPU
		{0D5C88B0-DA42-43F0-9E81-B544F44E26D6}.Ad-Hoc|iPhone.ActiveCfg = Release|Any CPU
		{0D5C88B0-DA42-43F0-9E81-B544F44E26D6}.Ad-Hoc|iPhoneSimulator.ActiveCfg = Release|Any CPU
		{0D5C88B0-DA42-43F0-9E81-B544F44E26D6}.Ad-Hoc|Mixed Platforms.ActiveCfg = Release|Any CPU
		{0D5C88B0-DA42-43F0-9E81-B544F44E26D6}.Ad-Hoc|Mixed Platforms.Build.0 = Release|Any CPU
		{0D5C88B0-DA42-43F0-9E81-B544F44E26D6}.Ad-Hoc|x64.ActiveCfg = Release|Any CPU
		{0D5C88B0-DA42-43F0-9E81-B544F44E26D6}.Ad-Hoc|x86.ActiveCfg = Release|Any CPU
		{0D5C88B0-DA42-43F0-9E81-B544F44E26D6}.AppStore|Any CPU.ActiveCfg = Release|Any CPU
		{0D5C88B0-DA42-43F0-9E81-B544F44E26D6}.AppStore|Any CPU.Build.0 = Release|Any CPU
		{0D5C88B0-DA42-43F0-9E81-B544F44E26D6}.AppStore|ARM.ActiveCfg = Release|Any CPU
		{0D5C88B0-DA42-43F0-9E81-B544F44E26D6}.AppStore|iPhone.ActiveCfg = Release|Any CPU
		{0D5C88B0-DA42-43F0-9E81-B544F44E26D6}.AppStore|iPhoneSimulator.ActiveCfg = Release|Any CPU
		{0D5C88B0-DA42-43F0-9E81-B544F44E26D6}.AppStore|Mixed Platforms.ActiveCfg = Release|Any CPU
		{0D5C88B0-DA42-43F0-9E81-B544F44E26D6}.AppStore|Mixed Platforms.Build.0 = Release|Any CPU
		{0D5C88B0-DA42-43F0-9E81-B544F44E26D6}.AppStore|x64.ActiveCfg = Release|Any CPU
		{0D5C88B0-DA42-43F0-9E81-B544F44E26D6}.AppStore|x86.ActiveCfg = Release|Any CPU
		{0D5C88B0-DA42-43F0-9E81-B544F44E26D6}.Debug|Any CPU.ActiveCfg = Debug|Any CPU
		{0D5C88B0-DA42-43F0-9E81-B544F44E26D6}.Debug|Any CPU.Build.0 = Debug|Any CPU
		{0D5C88B0-DA42-43F0-9E81-B544F44E26D6}.Debug|ARM.ActiveCfg = Debug|Any CPU
		{0D5C88B0-DA42-43F0-9E81-B544F44E26D6}.Debug|iPhone.ActiveCfg = Debug|Any CPU
		{0D5C88B0-DA42-43F0-9E81-B544F44E26D6}.Debug|iPhoneSimulator.ActiveCfg = Debug|Any CPU
		{0D5C88B0-DA42-43F0-9E81-B544F44E26D6}.Debug|Mixed Platforms.ActiveCfg = Debug|Any CPU
		{0D5C88B0-DA42-43F0-9E81-B544F44E26D6}.Debug|Mixed Platforms.Build.0 = Debug|Any CPU
		{0D5C88B0-DA42-43F0-9E81-B544F44E26D6}.Debug|x64.ActiveCfg = Debug|Any CPU
		{0D5C88B0-DA42-43F0-9E81-B544F44E26D6}.Debug|x86.ActiveCfg = Debug|Any CPU
		{0D5C88B0-DA42-43F0-9E81-B544F44E26D6}.Release|Any CPU.ActiveCfg = Release|Any CPU
		{0D5C88B0-DA42-43F0-9E81-B544F44E26D6}.Release|Any CPU.Build.0 = Release|Any CPU
		{0D5C88B0-DA42-43F0-9E81-B544F44E26D6}.Release|ARM.ActiveCfg = Release|Any CPU
		{0D5C88B0-DA42-43F0-9E81-B544F44E26D6}.Release|iPhone.ActiveCfg = Release|Any CPU
		{0D5C88B0-DA42-43F0-9E81-B544F44E26D6}.Release|iPhoneSimulator.ActiveCfg = Release|Any CPU
		{0D5C88B0-DA42-43F0-9E81-B544F44E26D6}.Release|Mixed Platforms.ActiveCfg = Release|Any CPU
		{0D5C88B0-DA42-43F0-9E81-B544F44E26D6}.Release|Mixed Platforms.Build.0 = Release|Any CPU
		{0D5C88B0-DA42-43F0-9E81-B544F44E26D6}.Release|x64.ActiveCfg = Release|Any CPU
		{0D5C88B0-DA42-43F0-9E81-B544F44E26D6}.Release|x86.ActiveCfg = Release|Any CPU
		{B8FD539C-23E2-4E8B-ABC9-6A12CE7C9F6B}.Ad-Hoc|Any CPU.ActiveCfg = Release|Any CPU
		{B8FD539C-23E2-4E8B-ABC9-6A12CE7C9F6B}.Ad-Hoc|Any CPU.Build.0 = Release|Any CPU
		{B8FD539C-23E2-4E8B-ABC9-6A12CE7C9F6B}.Ad-Hoc|ARM.ActiveCfg = Release|Any CPU
		{B8FD539C-23E2-4E8B-ABC9-6A12CE7C9F6B}.Ad-Hoc|iPhone.ActiveCfg = Release|Any CPU
		{B8FD539C-23E2-4E8B-ABC9-6A12CE7C9F6B}.Ad-Hoc|iPhoneSimulator.ActiveCfg = Release|Any CPU
		{B8FD539C-23E2-4E8B-ABC9-6A12CE7C9F6B}.Ad-Hoc|Mixed Platforms.ActiveCfg = Release|Any CPU
		{B8FD539C-23E2-4E8B-ABC9-6A12CE7C9F6B}.Ad-Hoc|Mixed Platforms.Build.0 = Release|Any CPU
		{B8FD539C-23E2-4E8B-ABC9-6A12CE7C9F6B}.Ad-Hoc|x64.ActiveCfg = Release|Any CPU
		{B8FD539C-23E2-4E8B-ABC9-6A12CE7C9F6B}.Ad-Hoc|x86.ActiveCfg = Release|Any CPU
		{B8FD539C-23E2-4E8B-ABC9-6A12CE7C9F6B}.AppStore|Any CPU.ActiveCfg = Release|Any CPU
		{B8FD539C-23E2-4E8B-ABC9-6A12CE7C9F6B}.AppStore|Any CPU.Build.0 = Release|Any CPU
		{B8FD539C-23E2-4E8B-ABC9-6A12CE7C9F6B}.AppStore|ARM.ActiveCfg = Release|Any CPU
		{B8FD539C-23E2-4E8B-ABC9-6A12CE7C9F6B}.AppStore|iPhone.ActiveCfg = Release|Any CPU
		{B8FD539C-23E2-4E8B-ABC9-6A12CE7C9F6B}.AppStore|iPhoneSimulator.ActiveCfg = Release|Any CPU
		{B8FD539C-23E2-4E8B-ABC9-6A12CE7C9F6B}.AppStore|Mixed Platforms.ActiveCfg = Release|Any CPU
		{B8FD539C-23E2-4E8B-ABC9-6A12CE7C9F6B}.AppStore|Mixed Platforms.Build.0 = Release|Any CPU
		{B8FD539C-23E2-4E8B-ABC9-6A12CE7C9F6B}.AppStore|x64.ActiveCfg = Release|Any CPU
		{B8FD539C-23E2-4E8B-ABC9-6A12CE7C9F6B}.AppStore|x86.ActiveCfg = Release|Any CPU
		{B8FD539C-23E2-4E8B-ABC9-6A12CE7C9F6B}.Debug|Any CPU.ActiveCfg = Debug|Any CPU
		{B8FD539C-23E2-4E8B-ABC9-6A12CE7C9F6B}.Debug|Any CPU.Build.0 = Debug|Any CPU
		{B8FD539C-23E2-4E8B-ABC9-6A12CE7C9F6B}.Debug|ARM.ActiveCfg = Debug|Any CPU
		{B8FD539C-23E2-4E8B-ABC9-6A12CE7C9F6B}.Debug|iPhone.ActiveCfg = Debug|Any CPU
		{B8FD539C-23E2-4E8B-ABC9-6A12CE7C9F6B}.Debug|iPhoneSimulator.ActiveCfg = Debug|Any CPU
		{B8FD539C-23E2-4E8B-ABC9-6A12CE7C9F6B}.Debug|Mixed Platforms.ActiveCfg = Debug|Any CPU
		{B8FD539C-23E2-4E8B-ABC9-6A12CE7C9F6B}.Debug|Mixed Platforms.Build.0 = Debug|Any CPU
		{B8FD539C-23E2-4E8B-ABC9-6A12CE7C9F6B}.Debug|x64.ActiveCfg = Debug|Any CPU
		{B8FD539C-23E2-4E8B-ABC9-6A12CE7C9F6B}.Debug|x86.ActiveCfg = Debug|Any CPU
		{B8FD539C-23E2-4E8B-ABC9-6A12CE7C9F6B}.Release|Any CPU.ActiveCfg = Release|Any CPU
		{B8FD539C-23E2-4E8B-ABC9-6A12CE7C9F6B}.Release|Any CPU.Build.0 = Release|Any CPU
		{B8FD539C-23E2-4E8B-ABC9-6A12CE7C9F6B}.Release|ARM.ActiveCfg = Release|Any CPU
		{B8FD539C-23E2-4E8B-ABC9-6A12CE7C9F6B}.Release|iPhone.ActiveCfg = Release|Any CPU
		{B8FD539C-23E2-4E8B-ABC9-6A12CE7C9F6B}.Release|iPhoneSimulator.ActiveCfg = Release|Any CPU
		{B8FD539C-23E2-4E8B-ABC9-6A12CE7C9F6B}.Release|Mixed Platforms.ActiveCfg = Release|Any CPU
		{B8FD539C-23E2-4E8B-ABC9-6A12CE7C9F6B}.Release|Mixed Platforms.Build.0 = Release|Any CPU
		{B8FD539C-23E2-4E8B-ABC9-6A12CE7C9F6B}.Release|x64.ActiveCfg = Release|Any CPU
		{B8FD539C-23E2-4E8B-ABC9-6A12CE7C9F6B}.Release|x86.ActiveCfg = Release|Any CPU
	EndGlobalSection
	GlobalSection(SolutionProperties) = preSolution
		HideSolutionNode = FALSE
	EndGlobalSection
	GlobalSection(NestedProjects) = preSolution
		{9A56FC8D-82C1-4F13-9699-62B8573BCD9B} = {C7A060F0-6AEC-4785-A433-34F152122CAD}
		{C0C10E8D-BA00-4A50-87F9-E95B55E4A45B} = {C7A060F0-6AEC-4785-A433-34F152122CAD}
		{2205D30A-BA6D-4D6C-BF73-011280EB0C56} = {C7A060F0-6AEC-4785-A433-34F152122CAD}
		{8D15B1F9-0FE6-4C8D-A427-D9AD29E57AA7} = {C7A060F0-6AEC-4785-A433-34F152122CAD}
		{18D1298D-87F8-45FD-91AE-FD7BDDE81A72} = {C7A060F0-6AEC-4785-A433-34F152122CAD}
		{89BFBABE-6865-438B-945E-6924C3E94883} = {C7A060F0-6AEC-4785-A433-34F152122CAD}
		{2F5748F5-AE2A-4680-889C-1F6E1EC0B846} = {2DE8C8E7-CE29-4610-8538-2607BEC3965C}
		{0D5C88B0-DA42-43F0-9E81-B544F44E26D6} = {2DE8C8E7-CE29-4610-8538-2607BEC3965C}
		{B8FD539C-23E2-4E8B-ABC9-6A12CE7C9F6B} = {2DE8C8E7-CE29-4610-8538-2607BEC3965C}
	EndGlobalSection
EndGlobal
