Microsoft Visual Studio Solution File, Format Version 12.00
# Visual Studio 2013
VisualStudioVersion = 12.0.30723.0
MinimumVisualStudioVersion = 10.0.40219.1
Project("{FAE04EC0-301F-11D3-BF4B-00C04F79EFBC}") = "SpotifyDotNet", "SpotifyDotNet\SpotifyDotNet.csproj", "{0D5C88B0-DA42-43F0-9E81-B544F44E26D6}"
EndProject
Project("{2150E333-8FDC-42A3-9474-1A3956D46DE8}") = "Solution Items", "Solution Items", "{8494A45D-8A94-44DF-9975-3801943A4E55}"
EndProject
Global
	GlobalSection(SolutionConfigurationPlatforms) = preSolution
		Debug|Any CPU = Debug|Any CPU
		Release|Any CPU = Release|Any CPU
	EndGlobalSection
	GlobalSection(ProjectConfigurationPlatforms) = postSolution
		{0D5C88B0-DA42-43F0-9E81-B544F44E26D6}.Debug|Any CPU.ActiveCfg = Debug|Any CPU
		{0D5C88B0-DA42-43F0-9E81-B544F44E26D6}.Debug|Any CPU.Build.0 = Debug|Any CPU
		{0D5C88B0-DA42-43F0-9E81-B544F44E26D6}.Release|Any CPU.ActiveCfg = Release|Any CPU
		{0D5C88B0-DA42-43F0-9E81-B544F44E26D6}.Release|Any CPU.Build.0 = Release|Any CPU
	EndGlobalSection
	GlobalSection(SolutionProperties) = preSolution
		HideSolutionNode = FALSE
	EndGlobalSection
EndGlobal
