
Microsoft Visual Studio Solution File, Format Version 12.00
# Visual Studio 2012
Project("{FAE04EC0-301F-11D3-BF4B-00C04F79EFBC}") = "TestApp2", "TestApp2\TestApp2.csproj", "{C6F60947-88F7-4190-8B8C-957B941857C4}"
EndProject
Project("{FAE04EC0-301F-11D3-BF4B-00C04F79EFBC}") = "TestApp2.Android", "Android\TestApp2.Android.csproj", "{AF7C090D-6180-451B-8919-F72AF9739146}"
EndProject
Project("{FAE04EC0-301F-11D3-BF4B-00C04F79EFBC}") = "WebApiFormsLib", "..\..\..\Desktop\Source\Repos\P3\WebAPILib\WebApiFormsLib\WebApiFormsLib.csproj", "{18D1298D-87F8-45FD-91AE-FD7BDDE81A72}"
EndProject
Global
	GlobalSection(SolutionConfigurationPlatforms) = preSolution
		Debug|Any CPU = Debug|Any CPU
		Release|Any CPU = Release|Any CPU
	EndGlobalSection
	GlobalSection(ProjectConfigurationPlatforms) = postSolution
		{18D1298D-87F8-45FD-91AE-FD7BDDE81A72}.Debug|Any CPU.ActiveCfg = Debug|Any CPU
		{18D1298D-87F8-45FD-91AE-FD7BDDE81A72}.Debug|Any CPU.Build.0 = Debug|Any CPU
		{18D1298D-87F8-45FD-91AE-FD7BDDE81A72}.Release|Any CPU.ActiveCfg = Release|Any CPU
		{18D1298D-87F8-45FD-91AE-FD7BDDE81A72}.Release|Any CPU.Build.0 = Release|Any CPU
		{AF7C090D-6180-451B-8919-F72AF9739146}.Debug|Any CPU.ActiveCfg = Debug|Any CPU
		{AF7C090D-6180-451B-8919-F72AF9739146}.Debug|Any CPU.Build.0 = Debug|Any CPU
		{AF7C090D-6180-451B-8919-F72AF9739146}.Release|Any CPU.ActiveCfg = Release|Any CPU
		{AF7C090D-6180-451B-8919-F72AF9739146}.Release|Any CPU.Build.0 = Release|Any CPU
		{C6F60947-88F7-4190-8B8C-957B941857C4}.Debug|Any CPU.ActiveCfg = Debug|Any CPU
		{C6F60947-88F7-4190-8B8C-957B941857C4}.Debug|Any CPU.Build.0 = Debug|Any CPU
		{C6F60947-88F7-4190-8B8C-957B941857C4}.Release|Any CPU.ActiveCfg = Release|Any CPU
		{C6F60947-88F7-4190-8B8C-957B941857C4}.Release|Any CPU.Build.0 = Release|Any CPU
	EndGlobalSection
	GlobalSection(MonoDevelopProperties) = preSolution
		StartupItem = Android\TestApp2.Android.csproj
	EndGlobalSection
EndGlobal
